
Microsoft Visual Studio Solution File, Format Version 12.00
# Visual Studio 14
VisualStudioVersion = 14.0.25420.1
MinimumVisualStudioVersion = 10.0.40219.1
Project("{FAE04EC0-301F-11D3-BF4B-00C04F79EFBC}") = "JavaScriptInjection", "JavaScriptInjection\JavaScriptInjection.csproj", "{27ECB138-48CC-4D0C-AE38-80DBBFDF9249}"
EndProject
Project("{FAE04EC0-301F-11D3-BF4B-00C04F79EFBC}") = "JavaScriptInjectionWeb", "JavaScriptInjectionWeb\JavaScriptInjectionWeb.csproj", "{6B6BDA39-BD97-432A-AE3F-9B42A9154B15}"
EndProject
Global
	GlobalSection(SolutionConfigurationPlatforms) = preSolution
		Debug|Any CPU = Debug|Any CPU
		Release|Any CPU = Release|Any CPU
	EndGlobalSection
	GlobalSection(ProjectConfigurationPlatforms) = postSolution
		{27ECB138-48CC-4D0C-AE38-80DBBFDF9249}.Debug|Any CPU.ActiveCfg = Debug|Any CPU
		{27ECB138-48CC-4D0C-AE38-80DBBFDF9249}.Debug|Any CPU.Build.0 = Debug|Any CPU
		{27ECB138-48CC-4D0C-AE38-80DBBFDF9249}.Debug|Any CPU.Deploy.0 = Debug|Any CPU
		{27ECB138-48CC-4D0C-AE38-80DBBFDF9249}.Release|Any CPU.ActiveCfg = Release|Any CPU
		{27ECB138-48CC-4D0C-AE38-80DBBFDF9249}.Release|Any CPU.Build.0 = Release|Any CPU
		{27ECB138-48CC-4D0C-AE38-80DBBFDF9249}.Release|Any CPU.Deploy.0 = Release|Any CPU
		{6B6BDA39-BD97-432A-AE3F-9B42A9154B15}.Debug|Any CPU.ActiveCfg = Debug|Any CPU
		{6B6BDA39-BD97-432A-AE3F-9B42A9154B15}.Debug|Any CPU.Build.0 = Debug|Any CPU
		{6B6BDA39-BD97-432A-AE3F-9B42A9154B15}.Release|Any CPU.ActiveCfg = Release|Any CPU
		{6B6BDA39-BD97-432A-AE3F-9B42A9154B15}.Release|Any CPU.Build.0 = Release|Any CPU
	EndGlobalSection
	GlobalSection(SolutionProperties) = preSolution
		HideSolutionNode = FALSE
	EndGlobalSection
EndGlobal
