
Microsoft Visual Studio Solution File, Format Version 12.00
# Visual Studio 2013
VisualStudioVersion = 12.0.31101.0
MinimumVisualStudioVersion = 10.0.40219.1
Project("{FAE04EC0-301F-11D3-BF4B-00C04F79EFBC}") = "O365-Win-Profile", "O365-Win-Profile.csproj", "{54072232-52D4-4BCB-BB15-00CAEF69787E}"
EndProject
Global
	GlobalSection(SolutionConfigurationPlatforms) = preSolution
		Debug|Any CPU = Debug|Any CPU
		Debug|ARM = Debug|ARM
		Debug|x64 = Debug|x64
		Debug|x86 = Debug|x86
		Release|Any CPU = Release|Any CPU
		Release|ARM = Release|ARM
		Release|x64 = Release|x64
		Release|x86 = Release|x86
	EndGlobalSection
	GlobalSection(ProjectConfigurationPlatforms) = postSolution
		{54072232-52D4-4BCB-BB15-00CAEF69787E}.Debug|Any CPU.ActiveCfg = Debug|Any CPU
		{54072232-52D4-4BCB-BB15-00CAEF69787E}.Debug|Any CPU.Build.0 = Debug|Any CPU
		{54072232-52D4-4BCB-BB15-00CAEF69787E}.Debug|Any CPU.Deploy.0 = Debug|Any CPU
		{54072232-52D4-4BCB-BB15-00CAEF69787E}.Debug|ARM.ActiveCfg = Debug|ARM
		{54072232-52D4-4BCB-BB15-00CAEF69787E}.Debug|ARM.Build.0 = Debug|ARM
		{54072232-52D4-4BCB-BB15-00CAEF69787E}.Debug|ARM.Deploy.0 = Debug|ARM
		{54072232-52D4-4BCB-BB15-00CAEF69787E}.Debug|x64.ActiveCfg = Debug|x64
		{54072232-52D4-4BCB-BB15-00CAEF69787E}.Debug|x64.Build.0 = Debug|x64
		{54072232-52D4-4BCB-BB15-00CAEF69787E}.Debug|x64.Deploy.0 = Debug|x64
		{54072232-52D4-4BCB-BB15-00CAEF69787E}.Debug|x86.ActiveCfg = Debug|x86
		{54072232-52D4-4BCB-BB15-00CAEF69787E}.Debug|x86.Build.0 = Debug|x86
		{54072232-52D4-4BCB-BB15-00CAEF69787E}.Debug|x86.Deploy.0 = Debug|x86
		{54072232-52D4-4BCB-BB15-00CAEF69787E}.Release|Any CPU.ActiveCfg = Release|Any CPU
		{54072232-52D4-4BCB-BB15-00CAEF69787E}.Release|Any CPU.Build.0 = Release|Any CPU
		{54072232-52D4-4BCB-BB15-00CAEF69787E}.Release|Any CPU.Deploy.0 = Release|Any CPU
		{54072232-52D4-4BCB-BB15-00CAEF69787E}.Release|ARM.ActiveCfg = Release|ARM
		{54072232-52D4-4BCB-BB15-00CAEF69787E}.Release|ARM.Build.0 = Release|ARM
		{54072232-52D4-4BCB-BB15-00CAEF69787E}.Release|ARM.Deploy.0 = Release|ARM
		{54072232-52D4-4BCB-BB15-00CAEF69787E}.Release|x64.ActiveCfg = Release|x64
		{54072232-52D4-4BCB-BB15-00CAEF69787E}.Release|x64.Build.0 = Release|x64
		{54072232-52D4-4BCB-BB15-00CAEF69787E}.Release|x64.Deploy.0 = Release|x64
		{54072232-52D4-4BCB-BB15-00CAEF69787E}.Release|x86.ActiveCfg = Release|x86
		{54072232-52D4-4BCB-BB15-00CAEF69787E}.Release|x86.Build.0 = Release|x86
		{54072232-52D4-4BCB-BB15-00CAEF69787E}.Release|x86.Deploy.0 = Release|x86
	EndGlobalSection
	GlobalSection(SolutionProperties) = preSolution
		HideSolutionNode = FALSE
	EndGlobalSection
EndGlobal
