
Microsoft Visual Studio Solution File, Format Version 12.00
# Visual Studio 2013
VisualStudioVersion = 12.0.30723.0
MinimumVisualStudioVersion = 10.0.40219.1
Project("{FAE04EC0-301F-11D3-BF4B-00C04F79EFBC}") = "YouTubeMailApp", "YouTubeMailApp\YouTubeMailApp.csproj", "{249F45C7-829A-4006-8832-85A606C76348}"
EndProject
Project("{FAE04EC0-301F-11D3-BF4B-00C04F79EFBC}") = "YouTubeMailAppWeb", "YouTubeMailAppWeb\YouTubeMailAppWeb.csproj", "{8587F2CA-6E2E-4E6D-85FE-6F71C5838D20}"
EndProject
Global
	GlobalSection(SolutionConfigurationPlatforms) = preSolution
		Debug|Any CPU = Debug|Any CPU
		Release|Any CPU = Release|Any CPU
	EndGlobalSection
	GlobalSection(ProjectConfigurationPlatforms) = postSolution
		{249F45C7-829A-4006-8832-85A606C76348}.Debug|Any CPU.ActiveCfg = Debug|Any CPU
		{249F45C7-829A-4006-8832-85A606C76348}.Debug|Any CPU.Build.0 = Debug|Any CPU
		{249F45C7-829A-4006-8832-85A606C76348}.Debug|Any CPU.Deploy.0 = Debug|Any CPU
		{249F45C7-829A-4006-8832-85A606C76348}.Release|Any CPU.ActiveCfg = Release|Any CPU
		{249F45C7-829A-4006-8832-85A606C76348}.Release|Any CPU.Build.0 = Release|Any CPU
		{249F45C7-829A-4006-8832-85A606C76348}.Release|Any CPU.Deploy.0 = Release|Any CPU
		{8587F2CA-6E2E-4E6D-85FE-6F71C5838D20}.Debug|Any CPU.ActiveCfg = Debug|Any CPU
		{8587F2CA-6E2E-4E6D-85FE-6F71C5838D20}.Debug|Any CPU.Build.0 = Debug|Any CPU
		{8587F2CA-6E2E-4E6D-85FE-6F71C5838D20}.Release|Any CPU.ActiveCfg = Release|Any CPU
		{8587F2CA-6E2E-4E6D-85FE-6F71C5838D20}.Release|Any CPU.Build.0 = Release|Any CPU
	EndGlobalSection
	GlobalSection(SolutionProperties) = preSolution
		HideSolutionNode = FALSE
	EndGlobalSection
EndGlobal
