
Microsoft Visual Studio Solution File, Format Version 12.00
# Visual Studio 2013
VisualStudioVersion = 12.0.31101.0
MinimumVisualStudioVersion = 10.0.40219.1
Project("{FAE04EC0-301F-11D3-BF4B-00C04F79EFBC}") = "FirstMailAddin", "FirstMailAddin\FirstMailAddin.csproj", "{E4E9663F-3005-4704-ACC3-A7520EBE4119}"
EndProject
Project("{FAE04EC0-301F-11D3-BF4B-00C04F79EFBC}") = "FirstMailAddinWeb", "FirstMailAddinWeb\FirstMailAddinWeb.csproj", "{CA006DFF-F7DD-463A-B31A-983775986ECD}"
EndProject
Global
	GlobalSection(SolutionConfigurationPlatforms) = preSolution
		Debug|Any CPU = Debug|Any CPU
		Release|Any CPU = Release|Any CPU
	EndGlobalSection
	GlobalSection(ProjectConfigurationPlatforms) = postSolution
		{E4E9663F-3005-4704-ACC3-A7520EBE4119}.Debug|Any CPU.ActiveCfg = Debug|Any CPU
		{E4E9663F-3005-4704-ACC3-A7520EBE4119}.Debug|Any CPU.Build.0 = Debug|Any CPU
		{E4E9663F-3005-4704-ACC3-A7520EBE4119}.Debug|Any CPU.Deploy.0 = Debug|Any CPU
		{E4E9663F-3005-4704-ACC3-A7520EBE4119}.Release|Any CPU.ActiveCfg = Release|Any CPU
		{E4E9663F-3005-4704-ACC3-A7520EBE4119}.Release|Any CPU.Build.0 = Release|Any CPU
		{E4E9663F-3005-4704-ACC3-A7520EBE4119}.Release|Any CPU.Deploy.0 = Release|Any CPU
		{CA006DFF-F7DD-463A-B31A-983775986ECD}.Debug|Any CPU.ActiveCfg = Debug|Any CPU
		{CA006DFF-F7DD-463A-B31A-983775986ECD}.Debug|Any CPU.Build.0 = Debug|Any CPU
		{CA006DFF-F7DD-463A-B31A-983775986ECD}.Release|Any CPU.ActiveCfg = Release|Any CPU
		{CA006DFF-F7DD-463A-B31A-983775986ECD}.Release|Any CPU.Build.0 = Release|Any CPU
	EndGlobalSection
	GlobalSection(SolutionProperties) = preSolution
		HideSolutionNode = FALSE
	EndGlobalSection
EndGlobal
