
Microsoft Visual Studio Solution File, Format Version 12.00
# Visual Studio 2013
VisualStudioVersion = 12.0.30324.0
MinimumVisualStudioVersion = 10.0.40219.1
Project("{FAE04EC0-301F-11D3-BF4B-00C04F79EFBC}") = "GeoFenceDemo", "App1\GeoFenceDemo.csproj", "{4282E3AF-4192-4E02-9339-C730A5ECF6B9}"
EndProject
Project("{FAE04EC0-301F-11D3-BF4B-00C04F79EFBC}") = "MyBackgroundTask", "MyBackgroundTask\MyBackgroundTask.csproj", "{DB61B2FA-A0A0-4A1B-8D34-ADDAEBFBA8F4}"
EndProject
Project("{FAE04EC0-301F-11D3-BF4B-00C04F79EFBC}") = "FileLibrary", "FileLibrary\FileLibrary.csproj", "{FD4993FC-005E-4F69-8F93-718EA12BE181}"
EndProject
Global
	GlobalSection(SolutionConfigurationPlatforms) = preSolution
		Debug|Any CPU = Debug|Any CPU
		Debug|ARM = Debug|ARM
		Debug|x86 = Debug|x86
		Release|Any CPU = Release|Any CPU
		Release|ARM = Release|ARM
		Release|x86 = Release|x86
	EndGlobalSection
	GlobalSection(ProjectConfigurationPlatforms) = postSolution
		{4282E3AF-4192-4E02-9339-C730A5ECF6B9}.Debug|Any CPU.ActiveCfg = Debug|Any CPU
		{4282E3AF-4192-4E02-9339-C730A5ECF6B9}.Debug|Any CPU.Build.0 = Debug|Any CPU
		{4282E3AF-4192-4E02-9339-C730A5ECF6B9}.Debug|Any CPU.Deploy.0 = Debug|Any CPU
		{4282E3AF-4192-4E02-9339-C730A5ECF6B9}.Debug|ARM.ActiveCfg = Debug|ARM
		{4282E3AF-4192-4E02-9339-C730A5ECF6B9}.Debug|ARM.Build.0 = Debug|ARM
		{4282E3AF-4192-4E02-9339-C730A5ECF6B9}.Debug|ARM.Deploy.0 = Debug|ARM
		{4282E3AF-4192-4E02-9339-C730A5ECF6B9}.Debug|x86.ActiveCfg = Debug|x86
		{4282E3AF-4192-4E02-9339-C730A5ECF6B9}.Debug|x86.Build.0 = Debug|x86
		{4282E3AF-4192-4E02-9339-C730A5ECF6B9}.Debug|x86.Deploy.0 = Debug|x86
		{4282E3AF-4192-4E02-9339-C730A5ECF6B9}.Release|Any CPU.ActiveCfg = Release|Any CPU
		{4282E3AF-4192-4E02-9339-C730A5ECF6B9}.Release|Any CPU.Build.0 = Release|Any CPU
		{4282E3AF-4192-4E02-9339-C730A5ECF6B9}.Release|Any CPU.Deploy.0 = Release|Any CPU
		{4282E3AF-4192-4E02-9339-C730A5ECF6B9}.Release|ARM.ActiveCfg = Release|ARM
		{4282E3AF-4192-4E02-9339-C730A5ECF6B9}.Release|ARM.Build.0 = Release|ARM
		{4282E3AF-4192-4E02-9339-C730A5ECF6B9}.Release|ARM.Deploy.0 = Release|ARM
		{4282E3AF-4192-4E02-9339-C730A5ECF6B9}.Release|x86.ActiveCfg = Release|x86
		{4282E3AF-4192-4E02-9339-C730A5ECF6B9}.Release|x86.Build.0 = Release|x86
		{4282E3AF-4192-4E02-9339-C730A5ECF6B9}.Release|x86.Deploy.0 = Release|x86
		{DB61B2FA-A0A0-4A1B-8D34-ADDAEBFBA8F4}.Debug|Any CPU.ActiveCfg = Debug|Any CPU
		{DB61B2FA-A0A0-4A1B-8D34-ADDAEBFBA8F4}.Debug|Any CPU.Build.0 = Debug|Any CPU
		{DB61B2FA-A0A0-4A1B-8D34-ADDAEBFBA8F4}.Debug|ARM.ActiveCfg = Debug|ARM
		{DB61B2FA-A0A0-4A1B-8D34-ADDAEBFBA8F4}.Debug|ARM.Build.0 = Debug|ARM
		{DB61B2FA-A0A0-4A1B-8D34-ADDAEBFBA8F4}.Debug|x86.ActiveCfg = Debug|x86
		{DB61B2FA-A0A0-4A1B-8D34-ADDAEBFBA8F4}.Debug|x86.Build.0 = Debug|x86
		{DB61B2FA-A0A0-4A1B-8D34-ADDAEBFBA8F4}.Release|Any CPU.ActiveCfg = Release|Any CPU
		{DB61B2FA-A0A0-4A1B-8D34-ADDAEBFBA8F4}.Release|Any CPU.Build.0 = Release|Any CPU
		{DB61B2FA-A0A0-4A1B-8D34-ADDAEBFBA8F4}.Release|ARM.ActiveCfg = Release|ARM
		{DB61B2FA-A0A0-4A1B-8D34-ADDAEBFBA8F4}.Release|ARM.Build.0 = Release|ARM
		{DB61B2FA-A0A0-4A1B-8D34-ADDAEBFBA8F4}.Release|x86.ActiveCfg = Release|x86
		{DB61B2FA-A0A0-4A1B-8D34-ADDAEBFBA8F4}.Release|x86.Build.0 = Release|x86
		{FD4993FC-005E-4F69-8F93-718EA12BE181}.Debug|Any CPU.ActiveCfg = Debug|Any CPU
		{FD4993FC-005E-4F69-8F93-718EA12BE181}.Debug|Any CPU.Build.0 = Debug|Any CPU
		{FD4993FC-005E-4F69-8F93-718EA12BE181}.Debug|ARM.ActiveCfg = Debug|ARM
		{FD4993FC-005E-4F69-8F93-718EA12BE181}.Debug|ARM.Build.0 = Debug|ARM
		{FD4993FC-005E-4F69-8F93-718EA12BE181}.Debug|x86.ActiveCfg = Debug|x86
		{FD4993FC-005E-4F69-8F93-718EA12BE181}.Debug|x86.Build.0 = Debug|x86
		{FD4993FC-005E-4F69-8F93-718EA12BE181}.Release|Any CPU.ActiveCfg = Release|Any CPU
		{FD4993FC-005E-4F69-8F93-718EA12BE181}.Release|Any CPU.Build.0 = Release|Any CPU
		{FD4993FC-005E-4F69-8F93-718EA12BE181}.Release|ARM.ActiveCfg = Release|ARM
		{FD4993FC-005E-4F69-8F93-718EA12BE181}.Release|ARM.Build.0 = Release|ARM
		{FD4993FC-005E-4F69-8F93-718EA12BE181}.Release|x86.ActiveCfg = Release|x86
		{FD4993FC-005E-4F69-8F93-718EA12BE181}.Release|x86.Build.0 = Release|x86
	EndGlobalSection
	GlobalSection(SolutionProperties) = preSolution
		HideSolutionNode = FALSE
	EndGlobalSection
EndGlobal
