
Microsoft Visual Studio Solution File, Format Version 12.00
# Visual Studio 15
VisualStudioVersion = 15.0.28010.2019
MinimumVisualStudioVersion = 10.0.40219.1
Project("{FAE04EC0-301F-11D3-BF4B-00C04F79EFBC}") = "ExpenseApproval", "ExpenseApproval\ExpenseApproval.csproj", "{0C51A252-AF87-43A3-9E5B-366257023E7B}"
EndProject
Global
  GlobalSection(SolutionConfigurationPlatforms) = preSolution
    Debug|Any CPU = Debug|Any CPU
    Release|Any CPU = Release|Any CPU
  EndGlobalSection
  GlobalSection(ProjectConfigurationPlatforms) = postSolution
    {0C51A252-AF87-43A3-9E5B-366257023E7B}.Debug|Any CPU.ActiveCfg = Debug|Any CPU
    {0C51A252-AF87-43A3-9E5B-366257023E7B}.Debug|Any CPU.Build.0 = Debug|Any CPU
    {0C51A252-AF87-43A3-9E5B-366257023E7B}.Release|Any CPU.ActiveCfg = Release|Any CPU
    {0C51A252-AF87-43A3-9E5B-366257023E7B}.Release|Any CPU.Build.0 = Release|Any CPU
  EndGlobalSection
  GlobalSection(SolutionProperties) = preSolution
    HideSolutionNode = FALSE
  EndGlobalSection
  GlobalSection(ExtensibilityGlobals) = postSolution
    SolutionGuid = {C256F5CB-342E-4765-B8D7-70F0479B59AC}
  EndGlobalSection
EndGlobal
