
Microsoft Visual Studio Solution File, Format Version 12.00
# Visual Studio 2013
VisualStudioVersion = 12.0.30114.0
MinimumVisualStudioVersion = 10.0.40219.1
Project("{FAE04EC0-301F-11D3-BF4B-00C04F79EFBC}") = "App10", "App10\App10.csproj", "{66605D59-1F23-4047-BBD8-44F7F780A7A8}"
EndProject
Project("{FAE04EC0-301F-11D3-BF4B-00C04F79EFBC}") = "MyBackgroundTask", "MyBackgroundTask\MyBackgroundTask.csproj", "{7A78D105-0FA2-4732-8D19-D8D3CC40BECB}"
EndProject
Global
	GlobalSection(SolutionConfigurationPlatforms) = preSolution
		Debug|Any CPU = Debug|Any CPU
		Debug|ARM = Debug|ARM
		Debug|x86 = Debug|x86
		Release|Any CPU = Release|Any CPU
		Release|ARM = Release|ARM
		Release|x86 = Release|x86
	EndGlobalSection
	GlobalSection(ProjectConfigurationPlatforms) = postSolution
		{66605D59-1F23-4047-BBD8-44F7F780A7A8}.Debug|Any CPU.ActiveCfg = Debug|Any CPU
		{66605D59-1F23-4047-BBD8-44F7F780A7A8}.Debug|Any CPU.Build.0 = Debug|Any CPU
		{66605D59-1F23-4047-BBD8-44F7F780A7A8}.Debug|Any CPU.Deploy.0 = Debug|Any CPU
		{66605D59-1F23-4047-BBD8-44F7F780A7A8}.Debug|ARM.ActiveCfg = Debug|ARM
		{66605D59-1F23-4047-BBD8-44F7F780A7A8}.Debug|ARM.Build.0 = Debug|ARM
		{66605D59-1F23-4047-BBD8-44F7F780A7A8}.Debug|ARM.Deploy.0 = Debug|ARM
		{66605D59-1F23-4047-BBD8-44F7F780A7A8}.Debug|x86.ActiveCfg = Debug|x86
		{66605D59-1F23-4047-BBD8-44F7F780A7A8}.Debug|x86.Build.0 = Debug|x86
		{66605D59-1F23-4047-BBD8-44F7F780A7A8}.Debug|x86.Deploy.0 = Debug|x86
		{66605D59-1F23-4047-BBD8-44F7F780A7A8}.Release|Any CPU.ActiveCfg = Release|Any CPU
		{66605D59-1F23-4047-BBD8-44F7F780A7A8}.Release|Any CPU.Build.0 = Release|Any CPU
		{66605D59-1F23-4047-BBD8-44F7F780A7A8}.Release|Any CPU.Deploy.0 = Release|Any CPU
		{66605D59-1F23-4047-BBD8-44F7F780A7A8}.Release|ARM.ActiveCfg = Release|ARM
		{66605D59-1F23-4047-BBD8-44F7F780A7A8}.Release|ARM.Build.0 = Release|ARM
		{66605D59-1F23-4047-BBD8-44F7F780A7A8}.Release|ARM.Deploy.0 = Release|ARM
		{66605D59-1F23-4047-BBD8-44F7F780A7A8}.Release|x86.ActiveCfg = Release|x86
		{66605D59-1F23-4047-BBD8-44F7F780A7A8}.Release|x86.Build.0 = Release|x86
		{66605D59-1F23-4047-BBD8-44F7F780A7A8}.Release|x86.Deploy.0 = Release|x86
		{7A78D105-0FA2-4732-8D19-D8D3CC40BECB}.Debug|Any CPU.ActiveCfg = Debug|Any CPU
		{7A78D105-0FA2-4732-8D19-D8D3CC40BECB}.Debug|Any CPU.Build.0 = Debug|Any CPU
		{7A78D105-0FA2-4732-8D19-D8D3CC40BECB}.Debug|ARM.ActiveCfg = Debug|ARM
		{7A78D105-0FA2-4732-8D19-D8D3CC40BECB}.Debug|ARM.Build.0 = Debug|ARM
		{7A78D105-0FA2-4732-8D19-D8D3CC40BECB}.Debug|x86.ActiveCfg = Debug|x86
		{7A78D105-0FA2-4732-8D19-D8D3CC40BECB}.Debug|x86.Build.0 = Debug|x86
		{7A78D105-0FA2-4732-8D19-D8D3CC40BECB}.Release|Any CPU.ActiveCfg = Release|Any CPU
		{7A78D105-0FA2-4732-8D19-D8D3CC40BECB}.Release|Any CPU.Build.0 = Release|Any CPU
		{7A78D105-0FA2-4732-8D19-D8D3CC40BECB}.Release|ARM.ActiveCfg = Release|ARM
		{7A78D105-0FA2-4732-8D19-D8D3CC40BECB}.Release|ARM.Build.0 = Release|ARM
		{7A78D105-0FA2-4732-8D19-D8D3CC40BECB}.Release|x86.ActiveCfg = Release|x86
		{7A78D105-0FA2-4732-8D19-D8D3CC40BECB}.Release|x86.Build.0 = Release|x86
	EndGlobalSection
	GlobalSection(SolutionProperties) = preSolution
		HideSolutionNode = FALSE
	EndGlobalSection
EndGlobal
