
Microsoft Visual Studio Solution File, Format Version 12.00
# Visual Studio 15
VisualStudioVersion = 15.0.28010.2019
MinimumVisualStudioVersion = 10.0.40219.1
Project("{FAE04EC0-301F-11D3-BF4B-00C04F79EFBC}") = "officedev-talent-management", "officedev-talent-management\officedev-talent-management.csproj", "{D5E0176A-421F-4346-91F0-63239184C56B}"
EndProject
Global
	GlobalSection(SolutionConfigurationPlatforms) = preSolution
		Debug|Any CPU = Debug|Any CPU
		Release|Any CPU = Release|Any CPU
	EndGlobalSection
	GlobalSection(ProjectConfigurationPlatforms) = postSolution
		{D5E0176A-421F-4346-91F0-63239184C56B}.Debug|Any CPU.ActiveCfg = Debug|Any CPU
		{D5E0176A-421F-4346-91F0-63239184C56B}.Debug|Any CPU.Build.0 = Debug|Any CPU
		{D5E0176A-421F-4346-91F0-63239184C56B}.Release|Any CPU.ActiveCfg = Release|Any CPU
		{D5E0176A-421F-4346-91F0-63239184C56B}.Release|Any CPU.Build.0 = Release|Any CPU
	EndGlobalSection
	GlobalSection(SolutionProperties) = preSolution
		HideSolutionNode = FALSE
	EndGlobalSection
	GlobalSection(ExtensibilityGlobals) = postSolution
		SolutionGuid = {63F3AF30-FAD9-47DF-BC83-5303DB12979A}
	EndGlobalSection
EndGlobal
