
Microsoft Visual Studio Solution File, Format Version 12.00
# Visual Studio 14
VisualStudioVersion = 14.0.24720.0
MinimumVisualStudioVersion = 10.0.40219.1
Project("{FAE04EC0-301F-11D3-BF4B-00C04F79EFBC}") = "BindingDemoWithWordApp", "BindingDemoWithWordApp\BindingDemoWithWordApp.csproj", "{5EC7CEF7-BE64-4EA8-B84F-656F7173B143}"
EndProject
Project("{FAE04EC0-301F-11D3-BF4B-00C04F79EFBC}") = "BindingDemoWithWordAppWeb", "BindingDemoWithWordAppWeb\BindingDemoWithWordAppWeb.csproj", "{11C0A6BD-4294-41F9-B640-F9F1DC6D3E50}"
EndProject
Global
	GlobalSection(SolutionConfigurationPlatforms) = preSolution
		Debug|Any CPU = Debug|Any CPU
		Release|Any CPU = Release|Any CPU
	EndGlobalSection
	GlobalSection(ProjectConfigurationPlatforms) = postSolution
		{5EC7CEF7-BE64-4EA8-B84F-656F7173B143}.Debug|Any CPU.ActiveCfg = Debug|Any CPU
		{5EC7CEF7-BE64-4EA8-B84F-656F7173B143}.Debug|Any CPU.Build.0 = Debug|Any CPU
		{5EC7CEF7-BE64-4EA8-B84F-656F7173B143}.Debug|Any CPU.Deploy.0 = Debug|Any CPU
		{5EC7CEF7-BE64-4EA8-B84F-656F7173B143}.Release|Any CPU.ActiveCfg = Release|Any CPU
		{5EC7CEF7-BE64-4EA8-B84F-656F7173B143}.Release|Any CPU.Build.0 = Release|Any CPU
		{5EC7CEF7-BE64-4EA8-B84F-656F7173B143}.Release|Any CPU.Deploy.0 = Release|Any CPU
		{11C0A6BD-4294-41F9-B640-F9F1DC6D3E50}.Debug|Any CPU.ActiveCfg = Debug|Any CPU
		{11C0A6BD-4294-41F9-B640-F9F1DC6D3E50}.Debug|Any CPU.Build.0 = Debug|Any CPU
		{11C0A6BD-4294-41F9-B640-F9F1DC6D3E50}.Release|Any CPU.ActiveCfg = Release|Any CPU
		{11C0A6BD-4294-41F9-B640-F9F1DC6D3E50}.Release|Any CPU.Build.0 = Release|Any CPU
	EndGlobalSection
	GlobalSection(SolutionProperties) = preSolution
		HideSolutionNode = FALSE
	EndGlobalSection
EndGlobal
