// !$*UTF8*$!
{
	archiveVersion = 1;
	classes = {
	};
	objectVersion = 46;
	objects = {

/* Begin PBXBuildFile section */
		65D5BFF75E19BD4266618485 /* libPods-O365-Exchange-App.a in Frameworks */ = {isa = PBXBuildFile; fileRef = 2022481FA0CC592F18A9871B /* libPods-O365-Exchange-App.a */; };
		7DBBE0101A028D7E00CF7D7F /* Auth.plist in Resources */ = {isa = PBXBuildFile; fileRef = 7DBBE00F1A028D7E00CF7D7F /* Auth.plist */; };
		B7EE04B31D0EBA8E0038E1AC /* ExchangeGraphService.m in Sources */ = {isa = PBXBuildFile; fileRef = B7EE04B21D0EBA8E0038E1AC /* ExchangeGraphService.m */; };
		D90A56DE19FA6FFC00F4F476 /* office365.png in Resources */ = {isa = PBXBuildFile; fileRef = D90A56DD19FA6FFC00F4F476 /* office365.png */; };
		D90A56E419FA73F100F4F476 /* FolderListViewController.m in Sources */ = {isa = PBXBuildFile; fileRef = D90A56E319FA73F100F4F476 /* FolderListViewController.m */; };
		D90A56E719FA741E00F4F476 /* EmailListTableViewCell.m in Sources */ = {isa = PBXBuildFile; fileRef = D90A56E619FA741E00F4F476 /* EmailListTableViewCell.m */; };
		D90A571919FA9F1B00F4F476 /* FolderContentViewController.m in Sources */ = {isa = PBXBuildFile; fileRef = D90A571819FA9F1B00F4F476 /* FolderContentViewController.m */; };
		D94EB04319F6DDB600137259 /* AppDelegate.m in Sources */ = {isa = PBXBuildFile; fileRef = D94EB03819F6DDB600137259 /* AppDelegate.m */; };
		D94EB04419F6DDB600137259 /* LaunchScreen.xib in Resources */ = {isa = PBXBuildFile; fileRef = D94EB03919F6DDB600137259 /* LaunchScreen.xib */; };
		D94EB04519F6DDB600137259 /* Main.storyboard in Resources */ = {isa = PBXBuildFile; fileRef = D94EB03B19F6DDB600137259 /* Main.storyboard */; };
		D94EB04719F6DDB600137259 /* Images.xcassets in Resources */ = {isa = PBXBuildFile; fileRef = D94EB03E19F6DDB600137259 /* Images.xcassets */; };
		D94EB04819F6DDB600137259 /* Info.plist in Resources */ = {isa = PBXBuildFile; fileRef = D94EB03F19F6DDB600137259 /* Info.plist */; };
		D94EB04919F6DDB600137259 /* main.m in Sources */ = {isa = PBXBuildFile; fileRef = D94EB04019F6DDB600137259 /* main.m */; };
		D94EB04A19F6DDB600137259 /* ViewController.m in Sources */ = {isa = PBXBuildFile; fileRef = D94EB04219F6DDB600137259 /* ViewController.m */; };
		D9CB71BA19FFD61300830DD2 /* exchangelogo.png in Resources */ = {isa = PBXBuildFile; fileRef = D9CB71B919FFD61300830DD2 /* exchangelogo.png */; };
		D9CB71BC19FFD76E00830DD2 /* exchangelogo -solo.png in Resources */ = {isa = PBXBuildFile; fileRef = D9CB71BB19FFD76E00830DD2 /* exchangelogo -solo.png */; };
		D9CB71C319FFDD5100830DD2 /* Explorer alt.png in Resources */ = {isa = PBXBuildFile; fileRef = D9CB71C119FFDD5100830DD2 /* Explorer alt.png */; };
		D9CB71C419FFDD5100830DD2 /* Mail.png in Resources */ = {isa = PBXBuildFile; fileRef = D9CB71C219FFDD5100830DD2 /* Mail.png */; };
		D9CB71C719FFE51700830DD2 /* EmailDetailViewController.m in Sources */ = {isa = PBXBuildFile; fileRef = D9CB71C619FFE51700830DD2 /* EmailDetailViewController.m */; };
/* End PBXBuildFile section */

/* Begin PBXFileReference section */
		168FADB494C09321E4403D99 /* Pods-O365-Exchange-App.debug.xcconfig */ = {isa = PBXFileReference; includeInIndex = 1; lastKnownFileType = text.xcconfig; name = "Pods-O365-Exchange-App.debug.xcconfig"; path = "Pods/Target Support Files/Pods-O365-Exchange-App/Pods-O365-Exchange-App.debug.xcconfig"; sourceTree = "<group>"; };
		2022481FA0CC592F18A9871B /* libPods-O365-Exchange-App.a */ = {isa = PBXFileReference; explicitFileType = archive.ar; includeInIndex = 0; path = "libPods-O365-Exchange-App.a"; sourceTree = BUILT_PRODUCTS_DIR; };
		7DBBE00F1A028D7E00CF7D7F /* Auth.plist */ = {isa = PBXFileReference; fileEncoding = 4; lastKnownFileType = text.plist.xml; path = Auth.plist; sourceTree = "<group>"; };
		B7EE04B11D0EBA8E0038E1AC /* ExchangeGraphService.h */ = {isa = PBXFileReference; fileEncoding = 4; lastKnownFileType = sourcecode.c.h; path = ExchangeGraphService.h; sourceTree = "<group>"; };
		B7EE04B21D0EBA8E0038E1AC /* ExchangeGraphService.m */ = {isa = PBXFileReference; fileEncoding = 4; lastKnownFileType = sourcecode.c.objc; path = ExchangeGraphService.m; sourceTree = "<group>"; };
		CC04ACA951C0129203A8EA30 /* Pods-O365-Exchange-App.release.xcconfig */ = {isa = PBXFileReference; includeInIndex = 1; lastKnownFileType = text.xcconfig; name = "Pods-O365-Exchange-App.release.xcconfig"; path = "Pods/Target Support Files/Pods-O365-Exchange-App/Pods-O365-Exchange-App.release.xcconfig"; sourceTree = "<group>"; };
		D90A56DD19FA6FFC00F4F476 /* office365.png */ = {isa = PBXFileReference; lastKnownFileType = image.png; path = office365.png; sourceTree = "<group>"; };
		D90A56E219FA73F100F4F476 /* FolderListViewController.h */ = {isa = PBXFileReference; fileEncoding = 4; lastKnownFileType = sourcecode.c.h; path = FolderListViewController.h; sourceTree = "<group>"; };
		D90A56E319FA73F100F4F476 /* FolderListViewController.m */ = {isa = PBXFileReference; fileEncoding = 4; lastKnownFileType = sourcecode.c.objc; path = FolderListViewController.m; sourceTree = "<group>"; };
		D90A56E519FA741E00F4F476 /* EmailListTableViewCell.h */ = {isa = PBXFileReference; fileEncoding = 4; lastKnownFileType = sourcecode.c.h; path = EmailListTableViewCell.h; sourceTree = "<group>"; };
		D90A56E619FA741E00F4F476 /* EmailListTableViewCell.m */ = {isa = PBXFileReference; fileEncoding = 4; lastKnownFileType = sourcecode.c.objc; path = EmailListTableViewCell.m; sourceTree = "<group>"; };
		D90A571719FA9F1B00F4F476 /* FolderContentViewController.h */ = {isa = PBXFileReference; fileEncoding = 4; lastKnownFileType = sourcecode.c.h; path = FolderContentViewController.h; sourceTree = "<group>"; };
		D90A571819FA9F1B00F4F476 /* FolderContentViewController.m */ = {isa = PBXFileReference; fileEncoding = 4; lastKnownFileType = sourcecode.c.objc; path = FolderContentViewController.m; sourceTree = "<group>"; };
		D94220C619E821ED00F0D350 /* O365-Exchange-App.app */ = {isa = PBXFileReference; explicitFileType = wrapper.application; includeInIndex = 0; path = "O365-Exchange-App.app"; sourceTree = BUILT_PRODUCTS_DIR; };
		D94EB03719F6DDB600137259 /* AppDelegate.h */ = {isa = PBXFileReference; fileEncoding = 4; lastKnownFileType = sourcecode.c.h; path = AppDelegate.h; sourceTree = "<group>"; };
		D94EB03819F6DDB600137259 /* AppDelegate.m */ = {isa = PBXFileReference; fileEncoding = 4; lastKnownFileType = sourcecode.c.objc; path = AppDelegate.m; sourceTree = "<group>"; };
		D94EB03A19F6DDB600137259 /* Base */ = {isa = PBXFileReference; lastKnownFileType = file.xib; name = Base; path = Base.lproj/LaunchScreen.xib; sourceTree = "<group>"; };
		D94EB03C19F6DDB600137259 /* Base */ = {isa = PBXFileReference; lastKnownFileType = file.storyboard; name = Base; path = Base.lproj/Main.storyboard; sourceTree = "<group>"; };
		D94EB03E19F6DDB600137259 /* Images.xcassets */ = {isa = PBXFileReference; lastKnownFileType = folder.assetcatalog; path = Images.xcassets; sourceTree = "<group>"; };
		D94EB03F19F6DDB600137259 /* Info.plist */ = {isa = PBXFileReference; fileEncoding = 4; lastKnownFileType = text.plist.xml; path = Info.plist; sourceTree = "<group>"; };
		D94EB04019F6DDB600137259 /* main.m */ = {isa = PBXFileReference; fileEncoding = 4; lastKnownFileType = sourcecode.c.objc; path = main.m; sourceTree = "<group>"; };
		D94EB04119F6DDB600137259 /* ViewController.h */ = {isa = PBXFileReference; fileEncoding = 4; lastKnownFileType = sourcecode.c.h; path = ViewController.h; sourceTree = "<group>"; };
		D94EB04219F6DDB600137259 /* ViewController.m */ = {isa = PBXFileReference; fileEncoding = 4; lastKnownFileType = sourcecode.c.objc; path = ViewController.m; sourceTree = "<group>"; };
		D9CB71B919FFD61300830DD2 /* exchangelogo.png */ = {isa = PBXFileReference; lastKnownFileType = image.png; path = exchangelogo.png; sourceTree = "<group>"; };
		D9CB71BB19FFD76E00830DD2 /* exchangelogo -solo.png */ = {isa = PBXFileReference; lastKnownFileType = image.png; path = "exchangelogo -solo.png"; sourceTree = "<group>"; };
		D9CB71C119FFDD5100830DD2 /* Explorer alt.png */ = {isa = PBXFileReference; lastKnownFileType = image.png; path = "Explorer alt.png"; sourceTree = "<group>"; };
		D9CB71C219FFDD5100830DD2 /* Mail.png */ = {isa = PBXFileReference; lastKnownFileType = image.png; path = Mail.png; sourceTree = "<group>"; };
		D9CB71C519FFE51700830DD2 /* EmailDetailViewController.h */ = {isa = PBXFileReference; fileEncoding = 4; lastKnownFileType = sourcecode.c.h; path = EmailDetailViewController.h; sourceTree = "<group>"; };
		D9CB71C619FFE51700830DD2 /* EmailDetailViewController.m */ = {isa = PBXFileReference; fileEncoding = 4; lastKnownFileType = sourcecode.c.objc; path = EmailDetailViewController.m; sourceTree = "<group>"; };
/* End PBXFileReference section */

/* Begin PBXFrameworksBuildPhase section */
		D94220C319E821ED00F0D350 /* Frameworks */ = {
			isa = PBXFrameworksBuildPhase;
			buildActionMask = 2147483647;
			files = (
				65D5BFF75E19BD4266618485 /* libPods-O365-Exchange-App.a in Frameworks */,
			);
			runOnlyForDeploymentPostprocessing = 0;
		};
/* End PBXFrameworksBuildPhase section */

/* Begin PBXGroup section */
		79A6397CB9C880D5E81B16CE /* Frameworks */ = {
			isa = PBXGroup;
			children = (
				2022481FA0CC592F18A9871B /* libPods-O365-Exchange-App.a */,
			);
			name = Frameworks;
			sourceTree = "<group>";
		};
		D25E75EF6423835A5F3EA84D /* Pods */ = {
			isa = PBXGroup;
			children = (
				168FADB494C09321E4403D99 /* Pods-O365-Exchange-App.debug.xcconfig */,
				CC04ACA951C0129203A8EA30 /* Pods-O365-Exchange-App.release.xcconfig */,
			);
			name = Pods;
			sourceTree = "<group>";
		};
		D90A56E819FA747F00F4F476 /* Controllers */ = {
			isa = PBXGroup;
			children = (
				D94EB04119F6DDB600137259 /* ViewController.h */,
				D94EB04219F6DDB600137259 /* ViewController.m */,
				D90A56E219FA73F100F4F476 /* FolderListViewController.h */,
				D90A56E319FA73F100F4F476 /* FolderListViewController.m */,
				D90A571719FA9F1B00F4F476 /* FolderContentViewController.h */,
				D90A571819FA9F1B00F4F476 /* FolderContentViewController.m */,
				D9CB71C519FFE51700830DD2 /* EmailDetailViewController.h */,
				D9CB71C619FFE51700830DD2 /* EmailDetailViewController.m */,
			);
			name = Controllers;
			sourceTree = "<group>";
		};
		D90A56E919FA749B00F4F476 /* Helpers */ = {
			isa = PBXGroup;
			children = (
				D9CB71C119FFDD5100830DD2 /* Explorer alt.png */,
				D9CB71C219FFDD5100830DD2 /* Mail.png */,
				D9CB71BB19FFD76E00830DD2 /* exchangelogo -solo.png */,
				D9CB71B919FFD61300830DD2 /* exchangelogo.png */,
				D90A56DD19FA6FFC00F4F476 /* office365.png */,
				D90A56E519FA741E00F4F476 /* EmailListTableViewCell.h */,
				D90A56E619FA741E00F4F476 /* EmailListTableViewCell.m */,
				B7EE04B11D0EBA8E0038E1AC /* ExchangeGraphService.h */,
				B7EE04B21D0EBA8E0038E1AC /* ExchangeGraphService.m */,
			);
			name = Helpers;
			sourceTree = "<group>";
		};
		D94220BD19E821ED00F0D350 = {
			isa = PBXGroup;
			children = (
				D94EB03619F6DDB600137259 /* O365-Exchange-App */,
				D94220C719E821ED00F0D350 /* Products */,
				79A6397CB9C880D5E81B16CE /* Frameworks */,
				D25E75EF6423835A5F3EA84D /* Pods */,
			);
			sourceTree = "<group>";
		};
		D94220C719E821ED00F0D350 /* Products */ = {
			isa = PBXGroup;
			children = (
				D94220C619E821ED00F0D350 /* O365-Exchange-App.app */,
			);
			name = Products;
			sourceTree = "<group>";
		};
		D94EB03619F6DDB600137259 /* O365-Exchange-App */ = {
			isa = PBXGroup;
			children = (
				D90A56E919FA749B00F4F476 /* Helpers */,
				D90A56E819FA747F00F4F476 /* Controllers */,
				D94EB03719F6DDB600137259 /* AppDelegate.h */,
				D94EB03819F6DDB600137259 /* AppDelegate.m */,
				D94EB03919F6DDB600137259 /* LaunchScreen.xib */,
				D94EB03B19F6DDB600137259 /* Main.storyboard */,
				D94EB03E19F6DDB600137259 /* Images.xcassets */,
				D94EB03F19F6DDB600137259 /* Info.plist */,
				7DBBE00F1A028D7E00CF7D7F /* Auth.plist */,
				D94EB04019F6DDB600137259 /* main.m */,
			);
			path = "O365-Exchange-App";
			sourceTree = "<group>";
		};
/* End PBXGroup section */

/* Begin PBXNativeTarget section */
		D94220C519E821ED00F0D350 /* O365-Exchange-App */ = {
			isa = PBXNativeTarget;
			buildConfigurationList = D94220E919E821ED00F0D350 /* Build configuration list for PBXNativeTarget "O365-Exchange-App" */;
			buildPhases = (
				E45641C25D5D7B5251BE3A9E /* 📦 Check Pods Manifest.lock */,
				D94220C219E821ED00F0D350 /* Sources */,
				D94220C319E821ED00F0D350 /* Frameworks */,
				D94220C419E821ED00F0D350 /* Resources */,
				491DC03EFBFF1650B14DF627 /* 📦 Embed Pods Frameworks */,
				3E97AED249571777B63B6517 /* 📦 Copy Pods Resources */,
			);
			buildRules = (
			);
			dependencies = (
			);
			name = "O365-Exchange-App";
			productName = "AD-Auth-iOS-App";
			productReference = D94220C619E821ED00F0D350 /* O365-Exchange-App.app */;
			productType = "com.apple.product-type.application";
		};
/* End PBXNativeTarget section */

/* Begin PBXProject section */
		D94220BE19E821ED00F0D350 /* Project object */ = {
			isa = PBXProject;
			attributes = {
				LastUpgradeCheck = 0600;
				ORGANIZATIONNAME = "MS Open Tech";
				TargetAttributes = {
					D94220C519E821ED00F0D350 = {
						CreatedOnToolsVersion = 6.0.1;
					};
				};
			};
			buildConfigurationList = D94220C119E821ED00F0D350 /* Build configuration list for PBXProject "O365-Exchange-App" */;
			compatibilityVersion = "Xcode 3.2";
			developmentRegion = English;
			hasScannedForEncodings = 0;
			knownRegions = (
				en,
				Base,
			);
			mainGroup = D94220BD19E821ED00F0D350;
			productRefGroup = D94220C719E821ED00F0D350 /* Products */;
			projectDirPath = "";
			projectRoot = "";
			targets = (
				D94220C519E821ED00F0D350 /* O365-Exchange-App */,
			);
		};
/* End PBXProject section */

/* Begin PBXResourcesBuildPhase section */
		D94220C419E821ED00F0D350 /* Resources */ = {
			isa = PBXResourcesBuildPhase;
			buildActionMask = 2147483647;
			files = (
				D94EB04419F6DDB600137259 /* LaunchScreen.xib in Resources */,
				D9CB71C319FFDD5100830DD2 /* Explorer alt.png in Resources */,
				D94EB04719F6DDB600137259 /* Images.xcassets in Resources */,
				D9CB71C419FFDD5100830DD2 /* Mail.png in Resources */,
				7DBBE0101A028D7E00CF7D7F /* Auth.plist in Resources */,
				D94EB04819F6DDB600137259 /* Info.plist in Resources */,
				D9CB71BC19FFD76E00830DD2 /* exchangelogo -solo.png in Resources */,
				D94EB04519F6DDB600137259 /* Main.storyboard in Resources */,
				D90A56DE19FA6FFC00F4F476 /* office365.png in Resources */,
				D9CB71BA19FFD61300830DD2 /* exchangelogo.png in Resources */,
			);
			runOnlyForDeploymentPostprocessing = 0;
		};
/* End PBXResourcesBuildPhase section */

/* Begin PBXShellScriptBuildPhase section */
		3E97AED249571777B63B6517 /* 📦 Copy Pods Resources */ = {
			isa = PBXShellScriptBuildPhase;
			buildActionMask = 2147483647;
			files = (
			);
			inputPaths = (
			);
			name = "📦 Copy Pods Resources";
			outputPaths = (
			);
			runOnlyForDeploymentPostprocessing = 0;
			shellPath = /bin/sh;
			shellScript = "\"${SRCROOT}/Pods/Target Support Files/Pods-O365-Exchange-App/Pods-O365-Exchange-App-resources.sh\"\n";
			showEnvVarsInLog = 0;
		};
		491DC03EFBFF1650B14DF627 /* 📦 Embed Pods Frameworks */ = {
			isa = PBXShellScriptBuildPhase;
			buildActionMask = 2147483647;
			files = (
			);
			inputPaths = (
			);
			name = "📦 Embed Pods Frameworks";
			outputPaths = (
			);
			runOnlyForDeploymentPostprocessing = 0;
			shellPath = /bin/sh;
			shellScript = "\"${SRCROOT}/Pods/Target Support Files/Pods-O365-Exchange-App/Pods-O365-Exchange-App-frameworks.sh\"\n";
			showEnvVarsInLog = 0;
		};
		E45641C25D5D7B5251BE3A9E /* 📦 Check Pods Manifest.lock */ = {
			isa = PBXShellScriptBuildPhase;
			buildActionMask = 2147483647;
			files = (
			);
			inputPaths = (
			);
			name = "📦 Check Pods Manifest.lock";
			outputPaths = (
			);
			runOnlyForDeploymentPostprocessing = 0;
			shellPath = /bin/sh;
			shellScript = "diff \"${PODS_ROOT}/../Podfile.lock\" \"${PODS_ROOT}/Manifest.lock\" > /dev/null\nif [[ $? != 0 ]] ; then\n    cat << EOM\nerror: The sandbox is not in sync with the Podfile.lock. Run 'pod install' or update your CocoaPods installation.\nEOM\n    exit 1\nfi\n";
			showEnvVarsInLog = 0;
		};
/* End PBXShellScriptBuildPhase section */

/* Begin PBXSourcesBuildPhase section */
		D94220C219E821ED00F0D350 /* Sources */ = {
			isa = PBXSourcesBuildPhase;
			buildActionMask = 2147483647;
			files = (
				D9CB71C719FFE51700830DD2 /* EmailDetailViewController.m in Sources */,
				D94EB04A19F6DDB600137259 /* ViewController.m in Sources */,
				D94EB04919F6DDB600137259 /* main.m in Sources */,
				D90A56E419FA73F100F4F476 /* FolderListViewController.m in Sources */,
				D90A56E719FA741E00F4F476 /* EmailListTableViewCell.m in Sources */,
				D90A571919FA9F1B00F4F476 /* FolderContentViewController.m in Sources */,
				D94EB04319F6DDB600137259 /* AppDelegate.m in Sources */,
				B7EE04B31D0EBA8E0038E1AC /* ExchangeGraphService.m in Sources */,
			);
			runOnlyForDeploymentPostprocessing = 0;
		};
/* End PBXSourcesBuildPhase section */

/* Begin PBXVariantGroup section */
		D94EB03919F6DDB600137259 /* LaunchScreen.xib */ = {
			isa = PBXVariantGroup;
			children = (
				D94EB03A19F6DDB600137259 /* Base */,
			);
			name = LaunchScreen.xib;
			sourceTree = "<group>";
		};
		D94EB03B19F6DDB600137259 /* Main.storyboard */ = {
			isa = PBXVariantGroup;
			children = (
				D94EB03C19F6DDB600137259 /* Base */,
			);
			name = Main.storyboard;
			sourceTree = "<group>";
		};
/* End PBXVariantGroup section */

/* Begin XCBuildConfiguration section */
		D94220E719E821ED00F0D350 /* Debug */ = {
			isa = XCBuildConfiguration;
			buildSettings = {
				ALWAYS_SEARCH_USER_PATHS = NO;
				CLANG_CXX_LANGUAGE_STANDARD = "gnu++0x";
				CLANG_CXX_LIBRARY = "libc++";
				CLANG_ENABLE_MODULES = YES;
				CLANG_ENABLE_OBJC_ARC = YES;
				CLANG_WARN_BOOL_CONVERSION = YES;
				CLANG_WARN_CONSTANT_CONVERSION = YES;
				CLANG_WARN_DIRECT_OBJC_ISA_USAGE = YES_ERROR;
				CLANG_WARN_EMPTY_BODY = YES;
				CLANG_WARN_ENUM_CONVERSION = YES;
				CLANG_WARN_INT_CONVERSION = YES;
				CLANG_WARN_OBJC_ROOT_CLASS = YES_ERROR;
				CLANG_WARN_UNREACHABLE_CODE = YES;
				CLANG_WARN__DUPLICATE_METHOD_MATCH = YES;
				"CODE_SIGN_IDENTITY[sdk=iphoneos*]" = "iPhone Developer";
				COPY_PHASE_STRIP = NO;
				ENABLE_STRICT_OBJC_MSGSEND = YES;
				GCC_C_LANGUAGE_STANDARD = gnu99;
				GCC_DYNAMIC_NO_PIC = NO;
				GCC_OPTIMIZATION_LEVEL = 0;
				GCC_PREPROCESSOR_DEFINITIONS = (
					"DEBUG=1",
					"$(inherited)",
				);
				GCC_SYMBOLS_PRIVATE_EXTERN = NO;
				GCC_WARN_64_TO_32_BIT_CONVERSION = YES;
				GCC_WARN_ABOUT_RETURN_TYPE = YES_ERROR;
				GCC_WARN_UNDECLARED_SELECTOR = YES;
				GCC_WARN_UNINITIALIZED_AUTOS = YES_AGGRESSIVE;
				GCC_WARN_UNUSED_FUNCTION = YES;
				GCC_WARN_UNUSED_VARIABLE = YES;
				IPHONEOS_DEPLOYMENT_TARGET = 8.0;
				MTL_ENABLE_DEBUG_INFO = YES;
				ONLY_ACTIVE_ARCH = YES;
				SDKROOT = iphoneos;
				TARGETED_DEVICE_FAMILY = "1,2";
			};
			name = Debug;
		};
		D94220E819E821ED00F0D350 /* Release */ = {
			isa = XCBuildConfiguration;
			buildSettings = {
				ALWAYS_SEARCH_USER_PATHS = NO;
				CLANG_CXX_LANGUAGE_STANDARD = "gnu++0x";
				CLANG_CXX_LIBRARY = "libc++";
				CLANG_ENABLE_MODULES = YES;
				CLANG_ENABLE_OBJC_ARC = YES;
				CLANG_WARN_BOOL_CONVERSION = YES;
				CLANG_WARN_CONSTANT_CONVERSION = YES;
				CLANG_WARN_DIRECT_OBJC_ISA_USAGE = YES_ERROR;
				CLANG_WARN_EMPTY_BODY = YES;
				CLANG_WARN_ENUM_CONVERSION = YES;
				CLANG_WARN_INT_CONVERSION = YES;
				CLANG_WARN_OBJC_ROOT_CLASS = YES_ERROR;
				CLANG_WARN_UNREACHABLE_CODE = YES;
				CLANG_WARN__DUPLICATE_METHOD_MATCH = YES;
				"CODE_SIGN_IDENTITY[sdk=iphoneos*]" = "iPhone Developer";
				COPY_PHASE_STRIP = YES;
				ENABLE_NS_ASSERTIONS = NO;
				ENABLE_STRICT_OBJC_MSGSEND = YES;
				GCC_C_LANGUAGE_STANDARD = gnu99;
				GCC_WARN_64_TO_32_BIT_CONVERSION = YES;
				GCC_WARN_ABOUT_RETURN_TYPE = YES_ERROR;
				GCC_WARN_UNDECLARED_SELECTOR = YES;
				GCC_WARN_UNINITIALIZED_AUTOS = YES_AGGRESSIVE;
				GCC_WARN_UNUSED_FUNCTION = YES;
				GCC_WARN_UNUSED_VARIABLE = YES;
				IPHONEOS_DEPLOYMENT_TARGET = 8.0;
				MTL_ENABLE_DEBUG_INFO = NO;
				SDKROOT = iphoneos;
				TARGETED_DEVICE_FAMILY = "1,2";
				VALIDATE_PRODUCT = YES;
			};
			name = Release;
		};
		D94220EA19E821ED00F0D350 /* Debug */ = {
			isa = XCBuildConfiguration;
			baseConfigurationReference = 168FADB494C09321E4403D99 /* Pods-O365-Exchange-App.debug.xcconfig */;
			buildSettings = {
				ASSETCATALOG_COMPILER_APPICON_NAME = AppIcon;
				ASSETCATALOG_COMPILER_LAUNCHIMAGE_NAME = LaunchImage;
				FRAMEWORK_SEARCH_PATHS = (
					"$(inherited)",
					"$(PROJECT_DIR)/lib/office365_odata_base/build/Debug-iphoneos",
				);
				INFOPLIST_FILE = "$(SRCROOT)/O365-Exchange-App/Info.plist";
				LD_RUNPATH_SEARCH_PATHS = "$(inherited) @executable_path/Frameworks";
				LIBRARY_SEARCH_PATHS = (
					"$(inherited)",
					"$(PROJECT_DIR)/Pods/build/Debug-iphoneos",
				);
				OTHER_LDFLAGS = "$(inherited)";
				OTHER_LIBTOOLFLAGS = "$(inherited)";
				PRODUCT_NAME = "O365-Exchange-App";
			};
			name = Debug;
		};
		D94220EB19E821ED00F0D350 /* Release */ = {
			isa = XCBuildConfiguration;
			baseConfigurationReference = CC04ACA951C0129203A8EA30 /* Pods-O365-Exchange-App.release.xcconfig */;
			buildSettings = {
				ASSETCATALOG_COMPILER_APPICON_NAME = AppIcon;
				ASSETCATALOG_COMPILER_LAUNCHIMAGE_NAME = LaunchImage;
				FRAMEWORK_SEARCH_PATHS = (
					"$(inherited)",
					"$(PROJECT_DIR)/lib/office365_odata_base/build/Debug-iphoneos",
				);
				INFOPLIST_FILE = "$(SRCROOT)/O365-Exchange-App/Info.plist";
				LD_RUNPATH_SEARCH_PATHS = "$(inherited) @executable_path/Frameworks";
				LIBRARY_SEARCH_PATHS = (
					"$(inherited)",
					"$(PROJECT_DIR)/Pods/build/Debug-iphoneos",
				);
				OTHER_LDFLAGS = "$(inherited)";
				OTHER_LIBTOOLFLAGS = "$(inherited)";
				PRODUCT_NAME = "O365-Exchange-App";
			};
			name = Release;
		};
/* End XCBuildConfiguration section */

/* Begin XCConfigurationList section */
		D94220C119E821ED00F0D350 /* Build configuration list for PBXProject "O365-Exchange-App" */ = {
			isa = XCConfigurationList;
			buildConfigurations = (
				D94220E719E821ED00F0D350 /* Debug */,
				D94220E819E821ED00F0D350 /* Release */,
			);
			defaultConfigurationIsVisible = 0;
			defaultConfigurationName = Release;
		};
		D94220E919E821ED00F0D350 /* Build configuration list for PBXNativeTarget "O365-Exchange-App" */ = {
			isa = XCConfigurationList;
			buildConfigurations = (
				D94220EA19E821ED00F0D350 /* Debug */,
				D94220EB19E821ED00F0D350 /* Release */,
			);
			defaultConfigurationIsVisible = 0;
			defaultConfigurationName = Release;
		};
/* End XCConfigurationList section */
	};
	rootObject = D94220BE19E821ED00F0D350 /* Project object */;
}
