
Microsoft Visual Studio Solution File, Format Version 12.00
# Visual Studio 14
VisualStudioVersion = 14.0.25123.0
MinimumVisualStudioVersion = 10.0.40219.1
Project("{FAE04EC0-301F-11D3-BF4B-00C04F79EFBC}") = "ProviderHostedOAuth", "ProviderHostedOAuth\ProviderHostedOAuth.csproj", "{33367319-E53F-405C-9D45-9509BDF6CC65}"
EndProject
Project("{FAE04EC0-301F-11D3-BF4B-00C04F79EFBC}") = "ProviderHostedOAuthWeb", "ProviderHostedOAuthWeb\ProviderHostedOAuthWeb.csproj", "{AC0BFDB9-99E5-45DE-9E2A-5C8BC3722B8D}"
EndProject
Global
	GlobalSection(SolutionConfigurationPlatforms) = preSolution
		Debug|Any CPU = Debug|Any CPU
		Release|Any CPU = Release|Any CPU
	EndGlobalSection
	GlobalSection(ProjectConfigurationPlatforms) = postSolution
		{33367319-E53F-405C-9D45-9509BDF6CC65}.Debug|Any CPU.ActiveCfg = Debug|Any CPU
		{33367319-E53F-405C-9D45-9509BDF6CC65}.Debug|Any CPU.Build.0 = Debug|Any CPU
		{33367319-E53F-405C-9D45-9509BDF6CC65}.Debug|Any CPU.Deploy.0 = Debug|Any CPU
		{33367319-E53F-405C-9D45-9509BDF6CC65}.Release|Any CPU.ActiveCfg = Release|Any CPU
		{33367319-E53F-405C-9D45-9509BDF6CC65}.Release|Any CPU.Build.0 = Release|Any CPU
		{33367319-E53F-405C-9D45-9509BDF6CC65}.Release|Any CPU.Deploy.0 = Release|Any CPU
		{AC0BFDB9-99E5-45DE-9E2A-5C8BC3722B8D}.Debug|Any CPU.ActiveCfg = Debug|Any CPU
		{AC0BFDB9-99E5-45DE-9E2A-5C8BC3722B8D}.Debug|Any CPU.Build.0 = Debug|Any CPU
		{AC0BFDB9-99E5-45DE-9E2A-5C8BC3722B8D}.Release|Any CPU.ActiveCfg = Release|Any CPU
		{AC0BFDB9-99E5-45DE-9E2A-5C8BC3722B8D}.Release|Any CPU.Build.0 = Release|Any CPU
	EndGlobalSection
	GlobalSection(SolutionProperties) = preSolution
		HideSolutionNode = FALSE
	EndGlobalSection
EndGlobal
