
Microsoft Visual Studio Solution File, Format Version 12.00
# Visual Studio 14
VisualStudioVersion = 14.0.24720.0
MinimumVisualStudioVersion = 10.0.40219.1
Project("{FAE04EC0-301F-11D3-BF4B-00C04F79EFBC}") = "Office365Contact", "Office365Contact\Office365Contact.csproj", "{2EA4C14C-4CC6-438C-B631-3B6A66906A53}"
EndProject
Global
	GlobalSection(SolutionConfigurationPlatforms) = preSolution
		Debug|Any CPU = Debug|Any CPU
		Release|Any CPU = Release|Any CPU
	EndGlobalSection
	GlobalSection(ProjectConfigurationPlatforms) = postSolution
		{2EA4C14C-4CC6-438C-B631-3B6A66906A53}.Debug|Any CPU.ActiveCfg = Debug|Any CPU
		{2EA4C14C-4CC6-438C-B631-3B6A66906A53}.Debug|Any CPU.Build.0 = Debug|Any CPU
		{2EA4C14C-4CC6-438C-B631-3B6A66906A53}.Release|Any CPU.ActiveCfg = Release|Any CPU
		{2EA4C14C-4CC6-438C-B631-3B6A66906A53}.Release|Any CPU.Build.0 = Release|Any CPU
	EndGlobalSection
	GlobalSection(SolutionProperties) = preSolution
		HideSolutionNode = FALSE
	EndGlobalSection	
EndGlobal
