
Microsoft Visual Studio Solution File, Format Version 12.00
# Visual Studio 14
VisualStudioVersion = 14.0.25420.1
MinimumVisualStudioVersion = 10.0.40219.1
Project("{FAE04EC0-301F-11D3-BF4B-00C04F79EFBC}") = "RestServerSide", "RestServerSide\RestServerSide.csproj", "{1B6E2970-6436-4091-871C-17B950B31C84}"
EndProject
Project("{FAE04EC0-301F-11D3-BF4B-00C04F79EFBC}") = "RestServerSideWeb", "RestServerSideWeb\RestServerSideWeb.csproj", "{3209C2DA-A05A-4390-9B82-66FDF94893A7}"
EndProject
Global
	GlobalSection(SolutionConfigurationPlatforms) = preSolution
		Debug|Any CPU = Debug|Any CPU
		Release|Any CPU = Release|Any CPU
	EndGlobalSection
	GlobalSection(ProjectConfigurationPlatforms) = postSolution
		{1B6E2970-6436-4091-871C-17B950B31C84}.Debug|Any CPU.ActiveCfg = Debug|Any CPU
		{1B6E2970-6436-4091-871C-17B950B31C84}.Debug|Any CPU.Build.0 = Debug|Any CPU
		{1B6E2970-6436-4091-871C-17B950B31C84}.Debug|Any CPU.Deploy.0 = Debug|Any CPU
		{1B6E2970-6436-4091-871C-17B950B31C84}.Release|Any CPU.ActiveCfg = Release|Any CPU
		{1B6E2970-6436-4091-871C-17B950B31C84}.Release|Any CPU.Build.0 = Release|Any CPU
		{1B6E2970-6436-4091-871C-17B950B31C84}.Release|Any CPU.Deploy.0 = Release|Any CPU
		{3209C2DA-A05A-4390-9B82-66FDF94893A7}.Debug|Any CPU.ActiveCfg = Debug|Any CPU
		{3209C2DA-A05A-4390-9B82-66FDF94893A7}.Debug|Any CPU.Build.0 = Debug|Any CPU
		{3209C2DA-A05A-4390-9B82-66FDF94893A7}.Release|Any CPU.ActiveCfg = Release|Any CPU
		{3209C2DA-A05A-4390-9B82-66FDF94893A7}.Release|Any CPU.Build.0 = Release|Any CPU
	EndGlobalSection
	GlobalSection(SolutionProperties) = preSolution
		HideSolutionNode = FALSE
	EndGlobalSection
EndGlobal
