
Microsoft Visual Studio Solution File, Format Version 12.00
# Visual Studio 2013
VisualStudioVersion = 12.0.30324.0
MinimumVisualStudioVersion = 10.0.40219.1
Project("{2150E333-8FDC-42A3-9474-1A3956D46DE8}") = "FlickrSearch", "FlickrSearch", "{D09A0073-ED8F-46F5-A09A-6D5AEF2491A5}"
EndProject
Project("{D954291E-2A0B-460D-934E-DC6B0785DB48}") = "FlickrSearch.Shared", "FlickrSearch\FlickrSearch.Shared\FlickrSearch.Shared.shproj", "{8DEC790A-61C1-4C30-A0DC-E2D10163FFE4}"
EndProject
Project("{FAE04EC0-301F-11D3-BF4B-00C04F79EFBC}") = "FlickrSearch.Windows", "FlickrSearch\FlickrSearch.Windows\FlickrSearch.Windows.csproj", "{AEE05F89-48F8-491C-882D-A334787C5F4D}"
EndProject
Project("{FAE04EC0-301F-11D3-BF4B-00C04F79EFBC}") = "FlickrSearch.WindowsPhone", "FlickrSearch\FlickrSearch.WindowsPhone\FlickrSearch.WindowsPhone.csproj", "{EE435261-0642-420D-AD8E-C672130BF7F9}"
EndProject
Global
	GlobalSection(SharedMSBuildProjectFiles) = preSolution
		FlickrSearch\FlickrSearch.Shared\FlickrSearch.Shared.projitems*{8dec790a-61c1-4c30-a0dc-e2d10163ffe4}*SharedItemsImports = 13
		FlickrSearch\FlickrSearch.Shared\FlickrSearch.Shared.projitems*{ee435261-0642-420d-ad8e-c672130bf7f9}*SharedItemsImports = 4
		FlickrSearch\FlickrSearch.Shared\FlickrSearch.Shared.projitems*{aee05f89-48f8-491c-882d-a334787c5f4d}*SharedItemsImports = 4
	EndGlobalSection
	GlobalSection(SolutionConfigurationPlatforms) = preSolution
		Debug|Any CPU = Debug|Any CPU
		Debug|ARM = Debug|ARM
		Debug|x64 = Debug|x64
		Debug|x86 = Debug|x86
		Release|Any CPU = Release|Any CPU
		Release|ARM = Release|ARM
		Release|x64 = Release|x64
		Release|x86 = Release|x86
	EndGlobalSection
	GlobalSection(ProjectConfigurationPlatforms) = postSolution
		{AEE05F89-48F8-491C-882D-A334787C5F4D}.Debug|Any CPU.ActiveCfg = Debug|Any CPU
		{AEE05F89-48F8-491C-882D-A334787C5F4D}.Debug|Any CPU.Build.0 = Debug|Any CPU
		{AEE05F89-48F8-491C-882D-A334787C5F4D}.Debug|Any CPU.Deploy.0 = Debug|Any CPU
		{AEE05F89-48F8-491C-882D-A334787C5F4D}.Debug|ARM.ActiveCfg = Debug|ARM
		{AEE05F89-48F8-491C-882D-A334787C5F4D}.Debug|ARM.Build.0 = Debug|ARM
		{AEE05F89-48F8-491C-882D-A334787C5F4D}.Debug|ARM.Deploy.0 = Debug|ARM
		{AEE05F89-48F8-491C-882D-A334787C5F4D}.Debug|x64.ActiveCfg = Debug|x64
		{AEE05F89-48F8-491C-882D-A334787C5F4D}.Debug|x64.Build.0 = Debug|x64
		{AEE05F89-48F8-491C-882D-A334787C5F4D}.Debug|x64.Deploy.0 = Debug|x64
		{AEE05F89-48F8-491C-882D-A334787C5F4D}.Debug|x86.ActiveCfg = Debug|x86
		{AEE05F89-48F8-491C-882D-A334787C5F4D}.Debug|x86.Build.0 = Debug|x86
		{AEE05F89-48F8-491C-882D-A334787C5F4D}.Debug|x86.Deploy.0 = Debug|x86
		{AEE05F89-48F8-491C-882D-A334787C5F4D}.Release|Any CPU.ActiveCfg = Release|Any CPU
		{AEE05F89-48F8-491C-882D-A334787C5F4D}.Release|Any CPU.Build.0 = Release|Any CPU
		{AEE05F89-48F8-491C-882D-A334787C5F4D}.Release|Any CPU.Deploy.0 = Release|Any CPU
		{AEE05F89-48F8-491C-882D-A334787C5F4D}.Release|ARM.ActiveCfg = Release|ARM
		{AEE05F89-48F8-491C-882D-A334787C5F4D}.Release|ARM.Build.0 = Release|ARM
		{AEE05F89-48F8-491C-882D-A334787C5F4D}.Release|ARM.Deploy.0 = Release|ARM
		{AEE05F89-48F8-491C-882D-A334787C5F4D}.Release|x64.ActiveCfg = Release|x64
		{AEE05F89-48F8-491C-882D-A334787C5F4D}.Release|x64.Build.0 = Release|x64
		{AEE05F89-48F8-491C-882D-A334787C5F4D}.Release|x64.Deploy.0 = Release|x64
		{AEE05F89-48F8-491C-882D-A334787C5F4D}.Release|x86.ActiveCfg = Release|x86
		{AEE05F89-48F8-491C-882D-A334787C5F4D}.Release|x86.Build.0 = Release|x86
		{AEE05F89-48F8-491C-882D-A334787C5F4D}.Release|x86.Deploy.0 = Release|x86
		{EE435261-0642-420D-AD8E-C672130BF7F9}.Debug|Any CPU.ActiveCfg = Debug|Any CPU
		{EE435261-0642-420D-AD8E-C672130BF7F9}.Debug|Any CPU.Build.0 = Debug|Any CPU
		{EE435261-0642-420D-AD8E-C672130BF7F9}.Debug|Any CPU.Deploy.0 = Debug|Any CPU
		{EE435261-0642-420D-AD8E-C672130BF7F9}.Debug|ARM.ActiveCfg = Debug|ARM
		{EE435261-0642-420D-AD8E-C672130BF7F9}.Debug|ARM.Build.0 = Debug|ARM
		{EE435261-0642-420D-AD8E-C672130BF7F9}.Debug|ARM.Deploy.0 = Debug|ARM
		{EE435261-0642-420D-AD8E-C672130BF7F9}.Debug|x64.ActiveCfg = Debug|Any CPU
		{EE435261-0642-420D-AD8E-C672130BF7F9}.Debug|x86.ActiveCfg = Debug|x86
		{EE435261-0642-420D-AD8E-C672130BF7F9}.Debug|x86.Build.0 = Debug|x86
		{EE435261-0642-420D-AD8E-C672130BF7F9}.Debug|x86.Deploy.0 = Debug|x86
		{EE435261-0642-420D-AD8E-C672130BF7F9}.Release|Any CPU.ActiveCfg = Release|Any CPU
		{EE435261-0642-420D-AD8E-C672130BF7F9}.Release|Any CPU.Build.0 = Release|Any CPU
		{EE435261-0642-420D-AD8E-C672130BF7F9}.Release|Any CPU.Deploy.0 = Release|Any CPU
		{EE435261-0642-420D-AD8E-C672130BF7F9}.Release|ARM.ActiveCfg = Release|ARM
		{EE435261-0642-420D-AD8E-C672130BF7F9}.Release|ARM.Build.0 = Release|ARM
		{EE435261-0642-420D-AD8E-C672130BF7F9}.Release|ARM.Deploy.0 = Release|ARM
		{EE435261-0642-420D-AD8E-C672130BF7F9}.Release|x64.ActiveCfg = Release|Any CPU
		{EE435261-0642-420D-AD8E-C672130BF7F9}.Release|x86.ActiveCfg = Release|x86
		{EE435261-0642-420D-AD8E-C672130BF7F9}.Release|x86.Build.0 = Release|x86
		{EE435261-0642-420D-AD8E-C672130BF7F9}.Release|x86.Deploy.0 = Release|x86
	EndGlobalSection
	GlobalSection(SolutionProperties) = preSolution
		HideSolutionNode = FALSE
	EndGlobalSection
	GlobalSection(NestedProjects) = preSolution
		{8DEC790A-61C1-4C30-A0DC-E2D10163FFE4} = {D09A0073-ED8F-46F5-A09A-6D5AEF2491A5}
		{AEE05F89-48F8-491C-882D-A334787C5F4D} = {D09A0073-ED8F-46F5-A09A-6D5AEF2491A5}
		{EE435261-0642-420D-AD8E-C672130BF7F9} = {D09A0073-ED8F-46F5-A09A-6D5AEF2491A5}
	EndGlobalSection
EndGlobal
