
Microsoft Visual Studio Solution File, Format Version 12.00
# Visual Studio 14
VisualStudioVersion = 14.0.24720.0
MinimumVisualStudioVersion = 10.0.40219.1
Project("{FAE04EC0-301F-11D3-BF4B-00C04F79EFBC}") = "Word16Api", "Word16Api\Word16Api.csproj", "{03D4DC1A-BB22-4037-916E-08DECDAA8C2D}"
EndProject
Project("{FAE04EC0-301F-11D3-BF4B-00C04F79EFBC}") = "Word16ApiWeb", "Word16ApiWeb\Word16ApiWeb.csproj", "{BD78E757-5D7C-46CB-BD03-ACCB90F0BDFD}"
EndProject
Global
	GlobalSection(SolutionConfigurationPlatforms) = preSolution
		Debug|Any CPU = Debug|Any CPU
		Release|Any CPU = Release|Any CPU
	EndGlobalSection
	GlobalSection(ProjectConfigurationPlatforms) = postSolution
		{03D4DC1A-BB22-4037-916E-08DECDAA8C2D}.Debug|Any CPU.ActiveCfg = Debug|Any CPU
		{03D4DC1A-BB22-4037-916E-08DECDAA8C2D}.Debug|Any CPU.Build.0 = Debug|Any CPU
		{03D4DC1A-BB22-4037-916E-08DECDAA8C2D}.Debug|Any CPU.Deploy.0 = Debug|Any CPU
		{03D4DC1A-BB22-4037-916E-08DECDAA8C2D}.Release|Any CPU.ActiveCfg = Release|Any CPU
		{03D4DC1A-BB22-4037-916E-08DECDAA8C2D}.Release|Any CPU.Build.0 = Release|Any CPU
		{03D4DC1A-BB22-4037-916E-08DECDAA8C2D}.Release|Any CPU.Deploy.0 = Release|Any CPU
		{BD78E757-5D7C-46CB-BD03-ACCB90F0BDFD}.Debug|Any CPU.ActiveCfg = Debug|Any CPU
		{BD78E757-5D7C-46CB-BD03-ACCB90F0BDFD}.Debug|Any CPU.Build.0 = Debug|Any CPU
		{BD78E757-5D7C-46CB-BD03-ACCB90F0BDFD}.Release|Any CPU.ActiveCfg = Release|Any CPU
		{BD78E757-5D7C-46CB-BD03-ACCB90F0BDFD}.Release|Any CPU.Build.0 = Release|Any CPU
	EndGlobalSection
	GlobalSection(SolutionProperties) = preSolution
		HideSolutionNode = FALSE
	EndGlobalSection
EndGlobal
