
Microsoft Visual Studio Solution File, Format Version 12.00
# Visual Studio 14
VisualStudioVersion = 14.0.24720.0
MinimumVisualStudioVersion = 10.0.40219.1
Project("{FAE04EC0-301F-11D3-BF4B-00C04F79EFBC}") = "Office365PlannerTask", "Office365PlannerTask\Office365PlannerTask.csproj", "{1A6C89E1-A689-4D13-B8D4-4E7768C871EF}"
EndProject
Global
	GlobalSection(SolutionConfigurationPlatforms) = preSolution
		Debug|Any CPU = Debug|Any CPU
		Release|Any CPU = Release|Any CPU
	EndGlobalSection
	GlobalSection(ProjectConfigurationPlatforms) = postSolution
		{1A6C89E1-A689-4D13-B8D4-4E7768C871EF}.Debug|Any CPU.ActiveCfg = Debug|Any CPU
		{1A6C89E1-A689-4D13-B8D4-4E7768C871EF}.Debug|Any CPU.Build.0 = Debug|Any CPU
		{1A6C89E1-A689-4D13-B8D4-4E7768C871EF}.Release|Any CPU.ActiveCfg = Release|Any CPU
		{1A6C89E1-A689-4D13-B8D4-4E7768C871EF}.Release|Any CPU.Build.0 = Release|Any CPU
	EndGlobalSection
	GlobalSection(SolutionProperties) = preSolution
		HideSolutionNode = FALSE
	EndGlobalSection
EndGlobal
