
Microsoft Visual Studio Solution File, Format Version 12.00
# Visual Studio 2013
VisualStudioVersion = 12.0.30501.0
MinimumVisualStudioVersion = 10.0.40219.1
Project("{FAE04EC0-301F-11D3-BF4B-00C04F79EFBC}") = "SharePointSearchOAuth", "SharePointSearchOAuth\SharePointSearchOAuth.csproj", "{B3278458-4629-4DC1-B43D-88CA20438092}"
EndProject
Project("{FAE04EC0-301F-11D3-BF4B-00C04F79EFBC}") = "SharePointSearchOAuthWeb", "SharePointSearchOAuthWeb\SharePointSearchOAuthWeb.csproj", "{77BFA298-7C6A-4017-ACF2-059EF72B7AC0}"
EndProject
Project("{2150E333-8FDC-42A3-9474-1A3956D46DE8}") = ".nuget", ".nuget", "{99F3E7D2-AF0C-422C-90FF-56E4EA1821F2}"
	ProjectSection(SolutionItems) = preProject
		.nuget\NuGet.Config = .nuget\NuGet.Config
		.nuget\NuGet.exe = .nuget\NuGet.exe
		.nuget\NuGet.targets = .nuget\NuGet.targets
	EndProjectSection
EndProject
Global
	GlobalSection(SolutionConfigurationPlatforms) = preSolution
		Debug|Any CPU = Debug|Any CPU
		Release|Any CPU = Release|Any CPU
	EndGlobalSection
	GlobalSection(ProjectConfigurationPlatforms) = postSolution
		{B3278458-4629-4DC1-B43D-88CA20438092}.Debug|Any CPU.ActiveCfg = Debug|Any CPU
		{B3278458-4629-4DC1-B43D-88CA20438092}.Debug|Any CPU.Build.0 = Debug|Any CPU
		{B3278458-4629-4DC1-B43D-88CA20438092}.Debug|Any CPU.Deploy.0 = Debug|Any CPU
		{B3278458-4629-4DC1-B43D-88CA20438092}.Release|Any CPU.ActiveCfg = Release|Any CPU
		{B3278458-4629-4DC1-B43D-88CA20438092}.Release|Any CPU.Build.0 = Release|Any CPU
		{B3278458-4629-4DC1-B43D-88CA20438092}.Release|Any CPU.Deploy.0 = Release|Any CPU
		{77BFA298-7C6A-4017-ACF2-059EF72B7AC0}.Debug|Any CPU.ActiveCfg = Debug|Any CPU
		{77BFA298-7C6A-4017-ACF2-059EF72B7AC0}.Debug|Any CPU.Build.0 = Debug|Any CPU
		{77BFA298-7C6A-4017-ACF2-059EF72B7AC0}.Release|Any CPU.ActiveCfg = Release|Any CPU
		{77BFA298-7C6A-4017-ACF2-059EF72B7AC0}.Release|Any CPU.Build.0 = Release|Any CPU
	EndGlobalSection
	GlobalSection(SolutionProperties) = preSolution
		HideSolutionNode = FALSE
	EndGlobalSection
EndGlobal
