
Microsoft Visual Studio Solution File, Format Version 12.00
# Visual Studio 2013
VisualStudioVersion = 12.0.30723.0
MinimumVisualStudioVersion = 10.0.40219.1
Project("{FAE04EC0-301F-11D3-BF4B-00C04F79EFBC}") = "MyCrossPlatformApp", "MyCrossPlatformApp\MyCrossPlatformApp\MyCrossPlatformApp.csproj", "{EE71D8CF-D939-4022-AD44-1357F7071F2D}"
EndProject
Project("{FAE04EC0-301F-11D3-BF4B-00C04F79EFBC}") = "MyCrossPlatformApp.iOS", "MyCrossPlatformApp\MyCrossPlatformApp.iOS\MyCrossPlatformApp.iOS.csproj", "{DBE6BE0F-B29A-4879-8589-0D4992F31A39}"
EndProject
Project("{FAE04EC0-301F-11D3-BF4B-00C04F79EFBC}") = "MyCrossPlatformApp.Android", "MyCrossPlatformApp\MyCrossPlatformApp.Android\MyCrossPlatformApp.Android.csproj", "{D8FFBC9A-52B1-4D82-B952-DB345A734D29}"
EndProject
Project("{FAE04EC0-301F-11D3-BF4B-00C04F79EFBC}") = "MyCrossPlatformApp.WinPhone", "MyCrossPlatformApp\MyCrossPlatformApp.WinPhone\MyCrossPlatformApp.WinPhone.csproj", "{E003B1EE-3225-4390-A34D-F4273714CE26}"
EndProject
Global
	GlobalSection(SolutionConfigurationPlatforms) = preSolution
		Ad-Hoc|Any CPU = Ad-Hoc|Any CPU
		Ad-Hoc|ARM = Ad-Hoc|ARM
		Ad-Hoc|iPhone = Ad-Hoc|iPhone
		Ad-Hoc|iPhoneSimulator = Ad-Hoc|iPhoneSimulator
		Ad-Hoc|Mixed Platforms = Ad-Hoc|Mixed Platforms
		Ad-Hoc|x86 = Ad-Hoc|x86
		AppStore|Any CPU = AppStore|Any CPU
		AppStore|ARM = AppStore|ARM
		AppStore|iPhone = AppStore|iPhone
		AppStore|iPhoneSimulator = AppStore|iPhoneSimulator
		AppStore|Mixed Platforms = AppStore|Mixed Platforms
		AppStore|x86 = AppStore|x86
		Debug|Any CPU = Debug|Any CPU
		Debug|ARM = Debug|ARM
		Debug|iPhone = Debug|iPhone
		Debug|iPhoneSimulator = Debug|iPhoneSimulator
		Debug|Mixed Platforms = Debug|Mixed Platforms
		Debug|x86 = Debug|x86
		Release|Any CPU = Release|Any CPU
		Release|ARM = Release|ARM
		Release|iPhone = Release|iPhone
		Release|iPhoneSimulator = Release|iPhoneSimulator
		Release|Mixed Platforms = Release|Mixed Platforms
		Release|x86 = Release|x86
	EndGlobalSection
	GlobalSection(ProjectConfigurationPlatforms) = postSolution
		{EE71D8CF-D939-4022-AD44-1357F7071F2D}.Ad-Hoc|Any CPU.ActiveCfg = Release|Any CPU
		{EE71D8CF-D939-4022-AD44-1357F7071F2D}.Ad-Hoc|Any CPU.Build.0 = Release|Any CPU
		{EE71D8CF-D939-4022-AD44-1357F7071F2D}.Ad-Hoc|ARM.ActiveCfg = Release|Any CPU
		{EE71D8CF-D939-4022-AD44-1357F7071F2D}.Ad-Hoc|iPhone.ActiveCfg = Release|Any CPU
		{EE71D8CF-D939-4022-AD44-1357F7071F2D}.Ad-Hoc|iPhoneSimulator.ActiveCfg = Release|Any CPU
		{EE71D8CF-D939-4022-AD44-1357F7071F2D}.Ad-Hoc|Mixed Platforms.ActiveCfg = Release|Any CPU
		{EE71D8CF-D939-4022-AD44-1357F7071F2D}.Ad-Hoc|Mixed Platforms.Build.0 = Release|Any CPU
		{EE71D8CF-D939-4022-AD44-1357F7071F2D}.Ad-Hoc|x86.ActiveCfg = Release|Any CPU
		{EE71D8CF-D939-4022-AD44-1357F7071F2D}.AppStore|Any CPU.ActiveCfg = Release|Any CPU
		{EE71D8CF-D939-4022-AD44-1357F7071F2D}.AppStore|Any CPU.Build.0 = Release|Any CPU
		{EE71D8CF-D939-4022-AD44-1357F7071F2D}.AppStore|ARM.ActiveCfg = Release|Any CPU
		{EE71D8CF-D939-4022-AD44-1357F7071F2D}.AppStore|iPhone.ActiveCfg = Release|Any CPU
		{EE71D8CF-D939-4022-AD44-1357F7071F2D}.AppStore|iPhoneSimulator.ActiveCfg = Release|Any CPU
		{EE71D8CF-D939-4022-AD44-1357F7071F2D}.AppStore|Mixed Platforms.ActiveCfg = Release|Any CPU
		{EE71D8CF-D939-4022-AD44-1357F7071F2D}.AppStore|Mixed Platforms.Build.0 = Release|Any CPU
		{EE71D8CF-D939-4022-AD44-1357F7071F2D}.AppStore|x86.ActiveCfg = Release|Any CPU
		{EE71D8CF-D939-4022-AD44-1357F7071F2D}.Debug|Any CPU.ActiveCfg = Debug|Any CPU
		{EE71D8CF-D939-4022-AD44-1357F7071F2D}.Debug|Any CPU.Build.0 = Debug|Any CPU
		{EE71D8CF-D939-4022-AD44-1357F7071F2D}.Debug|ARM.ActiveCfg = Debug|Any CPU
		{EE71D8CF-D939-4022-AD44-1357F7071F2D}.Debug|iPhone.ActiveCfg = Debug|Any CPU
		{EE71D8CF-D939-4022-AD44-1357F7071F2D}.Debug|iPhoneSimulator.ActiveCfg = Debug|Any CPU
		{EE71D8CF-D939-4022-AD44-1357F7071F2D}.Debug|Mixed Platforms.ActiveCfg = Debug|Any CPU
		{EE71D8CF-D939-4022-AD44-1357F7071F2D}.Debug|Mixed Platforms.Build.0 = Debug|Any CPU
		{EE71D8CF-D939-4022-AD44-1357F7071F2D}.Debug|x86.ActiveCfg = Debug|Any CPU
		{EE71D8CF-D939-4022-AD44-1357F7071F2D}.Release|Any CPU.ActiveCfg = Release|Any CPU
		{EE71D8CF-D939-4022-AD44-1357F7071F2D}.Release|Any CPU.Build.0 = Release|Any CPU
		{EE71D8CF-D939-4022-AD44-1357F7071F2D}.Release|ARM.ActiveCfg = Release|Any CPU
		{EE71D8CF-D939-4022-AD44-1357F7071F2D}.Release|iPhone.ActiveCfg = Release|Any CPU
		{EE71D8CF-D939-4022-AD44-1357F7071F2D}.Release|iPhoneSimulator.ActiveCfg = Release|Any CPU
		{EE71D8CF-D939-4022-AD44-1357F7071F2D}.Release|Mixed Platforms.ActiveCfg = Release|Any CPU
		{EE71D8CF-D939-4022-AD44-1357F7071F2D}.Release|Mixed Platforms.Build.0 = Release|Any CPU
		{EE71D8CF-D939-4022-AD44-1357F7071F2D}.Release|x86.ActiveCfg = Release|Any CPU
		{DBE6BE0F-B29A-4879-8589-0D4992F31A39}.Ad-Hoc|Any CPU.ActiveCfg = Ad-Hoc|iPhone
		{DBE6BE0F-B29A-4879-8589-0D4992F31A39}.Ad-Hoc|ARM.ActiveCfg = Ad-Hoc|iPhone
		{DBE6BE0F-B29A-4879-8589-0D4992F31A39}.Ad-Hoc|iPhone.ActiveCfg = Ad-Hoc|iPhone
		{DBE6BE0F-B29A-4879-8589-0D4992F31A39}.Ad-Hoc|iPhone.Build.0 = Ad-Hoc|iPhone
		{DBE6BE0F-B29A-4879-8589-0D4992F31A39}.Ad-Hoc|iPhoneSimulator.ActiveCfg = Ad-Hoc|iPhoneSimulator
		{DBE6BE0F-B29A-4879-8589-0D4992F31A39}.Ad-Hoc|iPhoneSimulator.Build.0 = Ad-Hoc|iPhoneSimulator
		{DBE6BE0F-B29A-4879-8589-0D4992F31A39}.Ad-Hoc|Mixed Platforms.ActiveCfg = Ad-Hoc|iPhone
		{DBE6BE0F-B29A-4879-8589-0D4992F31A39}.Ad-Hoc|Mixed Platforms.Build.0 = Ad-Hoc|iPhone
		{DBE6BE0F-B29A-4879-8589-0D4992F31A39}.Ad-Hoc|x86.ActiveCfg = Ad-Hoc|iPhone
		{DBE6BE0F-B29A-4879-8589-0D4992F31A39}.AppStore|Any CPU.ActiveCfg = AppStore|iPhone
		{DBE6BE0F-B29A-4879-8589-0D4992F31A39}.AppStore|ARM.ActiveCfg = AppStore|iPhone
		{DBE6BE0F-B29A-4879-8589-0D4992F31A39}.AppStore|iPhone.ActiveCfg = AppStore|iPhone
		{DBE6BE0F-B29A-4879-8589-0D4992F31A39}.AppStore|iPhone.Build.0 = AppStore|iPhone
		{DBE6BE0F-B29A-4879-8589-0D4992F31A39}.AppStore|iPhoneSimulator.ActiveCfg = AppStore|iPhoneSimulator
		{DBE6BE0F-B29A-4879-8589-0D4992F31A39}.AppStore|iPhoneSimulator.Build.0 = AppStore|iPhoneSimulator
		{DBE6BE0F-B29A-4879-8589-0D4992F31A39}.AppStore|Mixed Platforms.ActiveCfg = AppStore|iPhone
		{DBE6BE0F-B29A-4879-8589-0D4992F31A39}.AppStore|Mixed Platforms.Build.0 = AppStore|iPhone
		{DBE6BE0F-B29A-4879-8589-0D4992F31A39}.AppStore|x86.ActiveCfg = AppStore|iPhone
		{DBE6BE0F-B29A-4879-8589-0D4992F31A39}.Debug|Any CPU.ActiveCfg = Debug|iPhone
		{DBE6BE0F-B29A-4879-8589-0D4992F31A39}.Debug|ARM.ActiveCfg = Debug|iPhone
		{DBE6BE0F-B29A-4879-8589-0D4992F31A39}.Debug|iPhone.ActiveCfg = Debug|iPhone
		{DBE6BE0F-B29A-4879-8589-0D4992F31A39}.Debug|iPhone.Build.0 = Debug|iPhone
		{DBE6BE0F-B29A-4879-8589-0D4992F31A39}.Debug|iPhoneSimulator.ActiveCfg = Debug|iPhoneSimulator
		{DBE6BE0F-B29A-4879-8589-0D4992F31A39}.Debug|iPhoneSimulator.Build.0 = Debug|iPhoneSimulator
		{DBE6BE0F-B29A-4879-8589-0D4992F31A39}.Debug|Mixed Platforms.ActiveCfg = Debug|iPhone
		{DBE6BE0F-B29A-4879-8589-0D4992F31A39}.Debug|Mixed Platforms.Build.0 = Debug|iPhone
		{DBE6BE0F-B29A-4879-8589-0D4992F31A39}.Debug|x86.ActiveCfg = Debug|iPhone
		{DBE6BE0F-B29A-4879-8589-0D4992F31A39}.Release|Any CPU.ActiveCfg = Release|iPhone
		{DBE6BE0F-B29A-4879-8589-0D4992F31A39}.Release|ARM.ActiveCfg = Release|iPhone
		{DBE6BE0F-B29A-4879-8589-0D4992F31A39}.Release|iPhone.ActiveCfg = Release|iPhone
		{DBE6BE0F-B29A-4879-8589-0D4992F31A39}.Release|iPhone.Build.0 = Release|iPhone
		{DBE6BE0F-B29A-4879-8589-0D4992F31A39}.Release|iPhoneSimulator.ActiveCfg = Release|iPhoneSimulator
		{DBE6BE0F-B29A-4879-8589-0D4992F31A39}.Release|iPhoneSimulator.Build.0 = Release|iPhoneSimulator
		{DBE6BE0F-B29A-4879-8589-0D4992F31A39}.Release|Mixed Platforms.ActiveCfg = Release|iPhone
		{DBE6BE0F-B29A-4879-8589-0D4992F31A39}.Release|Mixed Platforms.Build.0 = Release|iPhone
		{DBE6BE0F-B29A-4879-8589-0D4992F31A39}.Release|x86.ActiveCfg = Release|iPhone
		{D8FFBC9A-52B1-4D82-B952-DB345A734D29}.Ad-Hoc|Any CPU.ActiveCfg = Release|Any CPU
		{D8FFBC9A-52B1-4D82-B952-DB345A734D29}.Ad-Hoc|Any CPU.Build.0 = Release|Any CPU
		{D8FFBC9A-52B1-4D82-B952-DB345A734D29}.Ad-Hoc|Any CPU.Deploy.0 = Release|Any CPU
		{D8FFBC9A-52B1-4D82-B952-DB345A734D29}.Ad-Hoc|ARM.ActiveCfg = Release|Any CPU
		{D8FFBC9A-52B1-4D82-B952-DB345A734D29}.Ad-Hoc|iPhone.ActiveCfg = Release|Any CPU
		{D8FFBC9A-52B1-4D82-B952-DB345A734D29}.Ad-Hoc|iPhoneSimulator.ActiveCfg = Release|Any CPU
		{D8FFBC9A-52B1-4D82-B952-DB345A734D29}.Ad-Hoc|Mixed Platforms.ActiveCfg = Release|Any CPU
		{D8FFBC9A-52B1-4D82-B952-DB345A734D29}.Ad-Hoc|Mixed Platforms.Build.0 = Release|Any CPU
		{D8FFBC9A-52B1-4D82-B952-DB345A734D29}.Ad-Hoc|Mixed Platforms.Deploy.0 = Release|Any CPU
		{D8FFBC9A-52B1-4D82-B952-DB345A734D29}.Ad-Hoc|x86.ActiveCfg = Release|Any CPU
		{D8FFBC9A-52B1-4D82-B952-DB345A734D29}.AppStore|Any CPU.ActiveCfg = Release|Any CPU
		{D8FFBC9A-52B1-4D82-B952-DB345A734D29}.AppStore|Any CPU.Build.0 = Release|Any CPU
		{D8FFBC9A-52B1-4D82-B952-DB345A734D29}.AppStore|Any CPU.Deploy.0 = Release|Any CPU
		{D8FFBC9A-52B1-4D82-B952-DB345A734D29}.AppStore|ARM.ActiveCfg = Release|Any CPU
		{D8FFBC9A-52B1-4D82-B952-DB345A734D29}.AppStore|iPhone.ActiveCfg = Release|Any CPU
		{D8FFBC9A-52B1-4D82-B952-DB345A734D29}.AppStore|iPhoneSimulator.ActiveCfg = Release|Any CPU
		{D8FFBC9A-52B1-4D82-B952-DB345A734D29}.AppStore|Mixed Platforms.ActiveCfg = Release|Any CPU
		{D8FFBC9A-52B1-4D82-B952-DB345A734D29}.AppStore|Mixed Platforms.Build.0 = Release|Any CPU
		{D8FFBC9A-52B1-4D82-B952-DB345A734D29}.AppStore|Mixed Platforms.Deploy.0 = Release|Any CPU
		{D8FFBC9A-52B1-4D82-B952-DB345A734D29}.AppStore|x86.ActiveCfg = Release|Any CPU
		{D8FFBC9A-52B1-4D82-B952-DB345A734D29}.Debug|Any CPU.ActiveCfg = Debug|Any CPU
		{D8FFBC9A-52B1-4D82-B952-DB345A734D29}.Debug|Any CPU.Build.0 = Debug|Any CPU
		{D8FFBC9A-52B1-4D82-B952-DB345A734D29}.Debug|Any CPU.Deploy.0 = Debug|Any CPU
		{D8FFBC9A-52B1-4D82-B952-DB345A734D29}.Debug|ARM.ActiveCfg = Debug|Any CPU
		{D8FFBC9A-52B1-4D82-B952-DB345A734D29}.Debug|iPhone.ActiveCfg = Debug|Any CPU
		{D8FFBC9A-52B1-4D82-B952-DB345A734D29}.Debug|iPhoneSimulator.ActiveCfg = Debug|Any CPU
		{D8FFBC9A-52B1-4D82-B952-DB345A734D29}.Debug|Mixed Platforms.ActiveCfg = Debug|Any CPU
		{D8FFBC9A-52B1-4D82-B952-DB345A734D29}.Debug|Mixed Platforms.Build.0 = Debug|Any CPU
		{D8FFBC9A-52B1-4D82-B952-DB345A734D29}.Debug|Mixed Platforms.Deploy.0 = Debug|Any CPU
		{D8FFBC9A-52B1-4D82-B952-DB345A734D29}.Debug|x86.ActiveCfg = Debug|Any CPU
		{D8FFBC9A-52B1-4D82-B952-DB345A734D29}.Release|Any CPU.ActiveCfg = Release|Any CPU
		{D8FFBC9A-52B1-4D82-B952-DB345A734D29}.Release|Any CPU.Build.0 = Release|Any CPU
		{D8FFBC9A-52B1-4D82-B952-DB345A734D29}.Release|Any CPU.Deploy.0 = Release|Any CPU
		{D8FFBC9A-52B1-4D82-B952-DB345A734D29}.Release|ARM.ActiveCfg = Release|Any CPU
		{D8FFBC9A-52B1-4D82-B952-DB345A734D29}.Release|iPhone.ActiveCfg = Release|Any CPU
		{D8FFBC9A-52B1-4D82-B952-DB345A734D29}.Release|iPhoneSimulator.ActiveCfg = Release|Any CPU
		{D8FFBC9A-52B1-4D82-B952-DB345A734D29}.Release|Mixed Platforms.ActiveCfg = Release|Any CPU
		{D8FFBC9A-52B1-4D82-B952-DB345A734D29}.Release|Mixed Platforms.Build.0 = Release|Any CPU
		{D8FFBC9A-52B1-4D82-B952-DB345A734D29}.Release|Mixed Platforms.Deploy.0 = Release|Any CPU
		{D8FFBC9A-52B1-4D82-B952-DB345A734D29}.Release|x86.ActiveCfg = Release|Any CPU
		{E003B1EE-3225-4390-A34D-F4273714CE26}.Ad-Hoc|Any CPU.ActiveCfg = Release|Any CPU
		{E003B1EE-3225-4390-A34D-F4273714CE26}.Ad-Hoc|Any CPU.Build.0 = Release|Any CPU
		{E003B1EE-3225-4390-A34D-F4273714CE26}.Ad-Hoc|Any CPU.Deploy.0 = Release|Any CPU
		{E003B1EE-3225-4390-A34D-F4273714CE26}.Ad-Hoc|ARM.ActiveCfg = Release|ARM
		{E003B1EE-3225-4390-A34D-F4273714CE26}.Ad-Hoc|ARM.Build.0 = Release|ARM
		{E003B1EE-3225-4390-A34D-F4273714CE26}.Ad-Hoc|ARM.Deploy.0 = Release|ARM
		{E003B1EE-3225-4390-A34D-F4273714CE26}.Ad-Hoc|iPhone.ActiveCfg = Release|Any CPU
		{E003B1EE-3225-4390-A34D-F4273714CE26}.Ad-Hoc|iPhoneSimulator.ActiveCfg = Release|Any CPU
		{E003B1EE-3225-4390-A34D-F4273714CE26}.Ad-Hoc|Mixed Platforms.ActiveCfg = Release|x86
		{E003B1EE-3225-4390-A34D-F4273714CE26}.Ad-Hoc|Mixed Platforms.Build.0 = Release|x86
		{E003B1EE-3225-4390-A34D-F4273714CE26}.Ad-Hoc|Mixed Platforms.Deploy.0 = Release|x86
		{E003B1EE-3225-4390-A34D-F4273714CE26}.Ad-Hoc|x86.ActiveCfg = Release|x86
		{E003B1EE-3225-4390-A34D-F4273714CE26}.Ad-Hoc|x86.Build.0 = Release|x86
		{E003B1EE-3225-4390-A34D-F4273714CE26}.Ad-Hoc|x86.Deploy.0 = Release|x86
		{E003B1EE-3225-4390-A34D-F4273714CE26}.AppStore|Any CPU.ActiveCfg = Release|Any CPU
		{E003B1EE-3225-4390-A34D-F4273714CE26}.AppStore|Any CPU.Build.0 = Release|Any CPU
		{E003B1EE-3225-4390-A34D-F4273714CE26}.AppStore|Any CPU.Deploy.0 = Release|Any CPU
		{E003B1EE-3225-4390-A34D-F4273714CE26}.AppStore|ARM.ActiveCfg = Release|ARM
		{E003B1EE-3225-4390-A34D-F4273714CE26}.AppStore|ARM.Build.0 = Release|ARM
		{E003B1EE-3225-4390-A34D-F4273714CE26}.AppStore|ARM.Deploy.0 = Release|ARM
		{E003B1EE-3225-4390-A34D-F4273714CE26}.AppStore|iPhone.ActiveCfg = Release|Any CPU
		{E003B1EE-3225-4390-A34D-F4273714CE26}.AppStore|iPhoneSimulator.ActiveCfg = Release|Any CPU
		{E003B1EE-3225-4390-A34D-F4273714CE26}.AppStore|Mixed Platforms.ActiveCfg = Release|x86
		{E003B1EE-3225-4390-A34D-F4273714CE26}.AppStore|Mixed Platforms.Build.0 = Release|x86
		{E003B1EE-3225-4390-A34D-F4273714CE26}.AppStore|Mixed Platforms.Deploy.0 = Release|x86
		{E003B1EE-3225-4390-A34D-F4273714CE26}.AppStore|x86.ActiveCfg = Release|x86
		{E003B1EE-3225-4390-A34D-F4273714CE26}.AppStore|x86.Build.0 = Release|x86
		{E003B1EE-3225-4390-A34D-F4273714CE26}.AppStore|x86.Deploy.0 = Release|x86
		{E003B1EE-3225-4390-A34D-F4273714CE26}.Debug|Any CPU.ActiveCfg = Debug|Any CPU
		{E003B1EE-3225-4390-A34D-F4273714CE26}.Debug|Any CPU.Build.0 = Debug|Any CPU
		{E003B1EE-3225-4390-A34D-F4273714CE26}.Debug|Any CPU.Deploy.0 = Debug|Any CPU
		{E003B1EE-3225-4390-A34D-F4273714CE26}.Debug|ARM.ActiveCfg = Debug|ARM
		{E003B1EE-3225-4390-A34D-F4273714CE26}.Debug|ARM.Build.0 = Debug|ARM
		{E003B1EE-3225-4390-A34D-F4273714CE26}.Debug|ARM.Deploy.0 = Debug|ARM
		{E003B1EE-3225-4390-A34D-F4273714CE26}.Debug|iPhone.ActiveCfg = Debug|Any CPU
		{E003B1EE-3225-4390-A34D-F4273714CE26}.Debug|iPhoneSimulator.ActiveCfg = Debug|Any CPU
		{E003B1EE-3225-4390-A34D-F4273714CE26}.Debug|Mixed Platforms.ActiveCfg = Debug|x86
		{E003B1EE-3225-4390-A34D-F4273714CE26}.Debug|Mixed Platforms.Build.0 = Debug|x86
		{E003B1EE-3225-4390-A34D-F4273714CE26}.Debug|Mixed Platforms.Deploy.0 = Debug|x86
		{E003B1EE-3225-4390-A34D-F4273714CE26}.Debug|x86.ActiveCfg = Debug|x86
		{E003B1EE-3225-4390-A34D-F4273714CE26}.Debug|x86.Build.0 = Debug|x86
		{E003B1EE-3225-4390-A34D-F4273714CE26}.Debug|x86.Deploy.0 = Debug|x86
		{E003B1EE-3225-4390-A34D-F4273714CE26}.Release|Any CPU.ActiveCfg = Release|Any CPU
		{E003B1EE-3225-4390-A34D-F4273714CE26}.Release|Any CPU.Build.0 = Release|Any CPU
		{E003B1EE-3225-4390-A34D-F4273714CE26}.Release|Any CPU.Deploy.0 = Release|Any CPU
		{E003B1EE-3225-4390-A34D-F4273714CE26}.Release|ARM.ActiveCfg = Release|ARM
		{E003B1EE-3225-4390-A34D-F4273714CE26}.Release|ARM.Build.0 = Release|ARM
		{E003B1EE-3225-4390-A34D-F4273714CE26}.Release|ARM.Deploy.0 = Release|ARM
		{E003B1EE-3225-4390-A34D-F4273714CE26}.Release|iPhone.ActiveCfg = Release|Any CPU
		{E003B1EE-3225-4390-A34D-F4273714CE26}.Release|iPhoneSimulator.ActiveCfg = Release|Any CPU
		{E003B1EE-3225-4390-A34D-F4273714CE26}.Release|Mixed Platforms.ActiveCfg = Release|x86
		{E003B1EE-3225-4390-A34D-F4273714CE26}.Release|Mixed Platforms.Build.0 = Release|x86
		{E003B1EE-3225-4390-A34D-F4273714CE26}.Release|Mixed Platforms.Deploy.0 = Release|x86
		{E003B1EE-3225-4390-A34D-F4273714CE26}.Release|x86.ActiveCfg = Release|x86
		{E003B1EE-3225-4390-A34D-F4273714CE26}.Release|x86.Build.0 = Release|x86
		{E003B1EE-3225-4390-A34D-F4273714CE26}.Release|x86.Deploy.0 = Release|x86
	EndGlobalSection
	GlobalSection(SolutionProperties) = preSolution
		HideSolutionNode = FALSE
	EndGlobalSection
EndGlobal
