
Microsoft Visual Studio Solution File, Format Version 12.00
# Visual Studio 2013
VisualStudioVersion = 12.0.30501.0
MinimumVisualStudioVersion = 10.0.40219.1
Project("{FAE04EC0-301F-11D3-BF4B-00C04F79EFBC}") = "LifecycleApp", "LifecycleApp\LifecycleApp.csproj", "{0D7353EE-365B-4FC2-86B4-9B28E32AD573}"
EndProject
Project("{FAE04EC0-301F-11D3-BF4B-00C04F79EFBC}") = "LifecycleAppWeb", "LifecycleAppWeb\LifecycleAppWeb.csproj", "{DE2FE0FE-D29D-4EB2-862F-327CA25110C5}"
EndProject
Project("{2150E333-8FDC-42A3-9474-1A3956D46DE8}") = ".nuget", ".nuget", "{C55F2B8D-627C-4D8A-BFB6-99F169ABFAB1}"
	ProjectSection(SolutionItems) = preProject
		.nuget\NuGet.Config = .nuget\NuGet.Config
		.nuget\NuGet.exe = .nuget\NuGet.exe
		.nuget\NuGet.targets = .nuget\NuGet.targets
	EndProjectSection
EndProject
Global
	GlobalSection(TeamFoundationVersionControl) = preSolution
		SccNumberOfProjects = 3
		SccEnterpriseProvider = {4CA58AB2-18FA-4F8D-95D4-32DDF27D184C}
		SccTeamFoundationServer = https://scothillier.visualstudio.com/defaultcollection
		SccLocalPath0 = .
		SccProjectUniqueName1 = LifecycleApp\\LifecycleApp.csproj
		SccProjectName1 = LifecycleApp
		SccLocalPath1 = LifecycleApp
		SccProjectUniqueName2 = LifecycleAppWeb\\LifecycleAppWeb.csproj
		SccProjectName2 = LifecycleAppWeb
		SccLocalPath2 = LifecycleAppWeb
	EndGlobalSection
	GlobalSection(SolutionConfigurationPlatforms) = preSolution
		Debug|Any CPU = Debug|Any CPU
		Release|Any CPU = Release|Any CPU
	EndGlobalSection
	GlobalSection(ProjectConfigurationPlatforms) = postSolution
		{0D7353EE-365B-4FC2-86B4-9B28E32AD573}.Debug|Any CPU.ActiveCfg = Debug|Any CPU
		{0D7353EE-365B-4FC2-86B4-9B28E32AD573}.Debug|Any CPU.Build.0 = Debug|Any CPU
		{0D7353EE-365B-4FC2-86B4-9B28E32AD573}.Debug|Any CPU.Deploy.0 = Debug|Any CPU
		{0D7353EE-365B-4FC2-86B4-9B28E32AD573}.Release|Any CPU.ActiveCfg = Release|Any CPU
		{0D7353EE-365B-4FC2-86B4-9B28E32AD573}.Release|Any CPU.Build.0 = Release|Any CPU
		{0D7353EE-365B-4FC2-86B4-9B28E32AD573}.Release|Any CPU.Deploy.0 = Release|Any CPU
		{DE2FE0FE-D29D-4EB2-862F-327CA25110C5}.Debug|Any CPU.ActiveCfg = Debug|Any CPU
		{DE2FE0FE-D29D-4EB2-862F-327CA25110C5}.Debug|Any CPU.Build.0 = Debug|Any CPU
		{DE2FE0FE-D29D-4EB2-862F-327CA25110C5}.Release|Any CPU.ActiveCfg = Release|Any CPU
		{DE2FE0FE-D29D-4EB2-862F-327CA25110C5}.Release|Any CPU.Build.0 = Release|Any CPU
	EndGlobalSection
	GlobalSection(SolutionProperties) = preSolution
		HideSolutionNode = FALSE
	EndGlobalSection
EndGlobal
