
Microsoft Visual Studio Solution File, Format Version 12.00
# Visual Studio 15
VisualStudioVersion = 15.0.26206.0
MinimumVisualStudioVersion = 10.0.40219.1
Project("{D954291E-2A0B-460D-934E-DC6B0785DB48}") = "XamarinLab", "XamarinLab\XamarinLab\XamarinLab.shproj", "{6427FEEF-75C7-4A61-9B9E-C0FD2A674F9F}"
EndProject
Project("{FAE04EC0-301F-11D3-BF4B-00C04F79EFBC}") = "XamarinLab.Droid", "XamarinLab\XamarinLab.Droid\XamarinLab.Droid.csproj", "{0E95FD9E-58B1-4D48-A8FA-27784886445C}"
EndProject
Project("{FAE04EC0-301F-11D3-BF4B-00C04F79EFBC}") = "XamarinLab.iOS", "XamarinLab\XamarinLab.iOS\XamarinLab.iOS.csproj", "{FF5334EC-057A-48DF-B63C-7C2819005053}"
EndProject
Project("{FAE04EC0-301F-11D3-BF4B-00C04F79EFBC}") = "XamarinLab.UWP", "XamarinLab\XamarinLab.UWP\XamarinLab.UWP.csproj", "{38EE8309-BD02-4BB9-864F-126729D22181}"
EndProject
Global
	GlobalSection(SharedMSBuildProjectFiles) = preSolution
		XamarinLab\XamarinLab\XamarinLab.projitems*{0e95fd9e-58b1-4d48-a8fa-27784886445c}*SharedItemsImports = 4
		XamarinLab\XamarinLab\XamarinLab.projitems*{38ee8309-bd02-4bb9-864f-126729d22181}*SharedItemsImports = 4
		XamarinLab\XamarinLab\XamarinLab.projitems*{6427feef-75c7-4a61-9b9e-c0fd2a674f9f}*SharedItemsImports = 13
		XamarinLab\XamarinLab\XamarinLab.projitems*{ff5334ec-057a-48df-b63c-7c2819005053}*SharedItemsImports = 4
	EndGlobalSection
	GlobalSection(SolutionConfigurationPlatforms) = preSolution
		Ad-Hoc|Any CPU = Ad-Hoc|Any CPU
		Ad-Hoc|ARM = Ad-Hoc|ARM
		Ad-Hoc|iPhone = Ad-Hoc|iPhone
		Ad-Hoc|iPhoneSimulator = Ad-Hoc|iPhoneSimulator
		Ad-Hoc|x64 = Ad-Hoc|x64
		Ad-Hoc|x86 = Ad-Hoc|x86
		AppStore|Any CPU = AppStore|Any CPU
		AppStore|ARM = AppStore|ARM
		AppStore|iPhone = AppStore|iPhone
		AppStore|iPhoneSimulator = AppStore|iPhoneSimulator
		AppStore|x64 = AppStore|x64
		AppStore|x86 = AppStore|x86
		Debug|Any CPU = Debug|Any CPU
		Debug|ARM = Debug|ARM
		Debug|iPhone = Debug|iPhone
		Debug|iPhoneSimulator = Debug|iPhoneSimulator
		Debug|x64 = Debug|x64
		Debug|x86 = Debug|x86
		Release|Any CPU = Release|Any CPU
		Release|ARM = Release|ARM
		Release|iPhone = Release|iPhone
		Release|iPhoneSimulator = Release|iPhoneSimulator
		Release|x64 = Release|x64
		Release|x86 = Release|x86
	EndGlobalSection
	GlobalSection(ProjectConfigurationPlatforms) = postSolution
		{0E95FD9E-58B1-4D48-A8FA-27784886445C}.Ad-Hoc|Any CPU.ActiveCfg = Release|Any CPU
		{0E95FD9E-58B1-4D48-A8FA-27784886445C}.Ad-Hoc|Any CPU.Build.0 = Release|Any CPU
		{0E95FD9E-58B1-4D48-A8FA-27784886445C}.Ad-Hoc|Any CPU.Deploy.0 = Release|Any CPU
		{0E95FD9E-58B1-4D48-A8FA-27784886445C}.Ad-Hoc|ARM.ActiveCfg = Debug|Any CPU
		{0E95FD9E-58B1-4D48-A8FA-27784886445C}.Ad-Hoc|ARM.Build.0 = Debug|Any CPU
		{0E95FD9E-58B1-4D48-A8FA-27784886445C}.Ad-Hoc|ARM.Deploy.0 = Debug|Any CPU
		{0E95FD9E-58B1-4D48-A8FA-27784886445C}.Ad-Hoc|iPhone.ActiveCfg = Release|Any CPU
		{0E95FD9E-58B1-4D48-A8FA-27784886445C}.Ad-Hoc|iPhone.Build.0 = Release|Any CPU
		{0E95FD9E-58B1-4D48-A8FA-27784886445C}.Ad-Hoc|iPhone.Deploy.0 = Release|Any CPU
		{0E95FD9E-58B1-4D48-A8FA-27784886445C}.Ad-Hoc|iPhoneSimulator.ActiveCfg = Release|Any CPU
		{0E95FD9E-58B1-4D48-A8FA-27784886445C}.Ad-Hoc|iPhoneSimulator.Build.0 = Release|Any CPU
		{0E95FD9E-58B1-4D48-A8FA-27784886445C}.Ad-Hoc|iPhoneSimulator.Deploy.0 = Release|Any CPU
		{0E95FD9E-58B1-4D48-A8FA-27784886445C}.Ad-Hoc|x64.ActiveCfg = Debug|Any CPU
		{0E95FD9E-58B1-4D48-A8FA-27784886445C}.Ad-Hoc|x64.Build.0 = Debug|Any CPU
		{0E95FD9E-58B1-4D48-A8FA-27784886445C}.Ad-Hoc|x64.Deploy.0 = Debug|Any CPU
		{0E95FD9E-58B1-4D48-A8FA-27784886445C}.Ad-Hoc|x86.ActiveCfg = Debug|Any CPU
		{0E95FD9E-58B1-4D48-A8FA-27784886445C}.Ad-Hoc|x86.Build.0 = Debug|Any CPU
		{0E95FD9E-58B1-4D48-A8FA-27784886445C}.Ad-Hoc|x86.Deploy.0 = Debug|Any CPU
		{0E95FD9E-58B1-4D48-A8FA-27784886445C}.AppStore|Any CPU.ActiveCfg = Release|Any CPU
		{0E95FD9E-58B1-4D48-A8FA-27784886445C}.AppStore|Any CPU.Build.0 = Release|Any CPU
		{0E95FD9E-58B1-4D48-A8FA-27784886445C}.AppStore|Any CPU.Deploy.0 = Release|Any CPU
		{0E95FD9E-58B1-4D48-A8FA-27784886445C}.AppStore|ARM.ActiveCfg = Debug|Any CPU
		{0E95FD9E-58B1-4D48-A8FA-27784886445C}.AppStore|ARM.Build.0 = Debug|Any CPU
		{0E95FD9E-58B1-4D48-A8FA-27784886445C}.AppStore|ARM.Deploy.0 = Debug|Any CPU
		{0E95FD9E-58B1-4D48-A8FA-27784886445C}.AppStore|iPhone.ActiveCfg = Release|Any CPU
		{0E95FD9E-58B1-4D48-A8FA-27784886445C}.AppStore|iPhone.Build.0 = Release|Any CPU
		{0E95FD9E-58B1-4D48-A8FA-27784886445C}.AppStore|iPhone.Deploy.0 = Release|Any CPU
		{0E95FD9E-58B1-4D48-A8FA-27784886445C}.AppStore|iPhoneSimulator.ActiveCfg = Release|Any CPU
		{0E95FD9E-58B1-4D48-A8FA-27784886445C}.AppStore|iPhoneSimulator.Build.0 = Release|Any CPU
		{0E95FD9E-58B1-4D48-A8FA-27784886445C}.AppStore|iPhoneSimulator.Deploy.0 = Release|Any CPU
		{0E95FD9E-58B1-4D48-A8FA-27784886445C}.AppStore|x64.ActiveCfg = Debug|Any CPU
		{0E95FD9E-58B1-4D48-A8FA-27784886445C}.AppStore|x64.Build.0 = Debug|Any CPU
		{0E95FD9E-58B1-4D48-A8FA-27784886445C}.AppStore|x64.Deploy.0 = Debug|Any CPU
		{0E95FD9E-58B1-4D48-A8FA-27784886445C}.AppStore|x86.ActiveCfg = Debug|Any CPU
		{0E95FD9E-58B1-4D48-A8FA-27784886445C}.AppStore|x86.Build.0 = Debug|Any CPU
		{0E95FD9E-58B1-4D48-A8FA-27784886445C}.AppStore|x86.Deploy.0 = Debug|Any CPU
		{0E95FD9E-58B1-4D48-A8FA-27784886445C}.Debug|Any CPU.ActiveCfg = Debug|Any CPU
		{0E95FD9E-58B1-4D48-A8FA-27784886445C}.Debug|Any CPU.Build.0 = Debug|Any CPU
		{0E95FD9E-58B1-4D48-A8FA-27784886445C}.Debug|Any CPU.Deploy.0 = Debug|Any CPU
		{0E95FD9E-58B1-4D48-A8FA-27784886445C}.Debug|ARM.ActiveCfg = Debug|Any CPU
		{0E95FD9E-58B1-4D48-A8FA-27784886445C}.Debug|ARM.Build.0 = Debug|Any CPU
		{0E95FD9E-58B1-4D48-A8FA-27784886445C}.Debug|ARM.Deploy.0 = Debug|Any CPU
		{0E95FD9E-58B1-4D48-A8FA-27784886445C}.Debug|iPhone.ActiveCfg = Debug|Any CPU
		{0E95FD9E-58B1-4D48-A8FA-27784886445C}.Debug|iPhone.Build.0 = Debug|Any CPU
		{0E95FD9E-58B1-4D48-A8FA-27784886445C}.Debug|iPhone.Deploy.0 = Debug|Any CPU
		{0E95FD9E-58B1-4D48-A8FA-27784886445C}.Debug|iPhoneSimulator.ActiveCfg = Debug|Any CPU
		{0E95FD9E-58B1-4D48-A8FA-27784886445C}.Debug|iPhoneSimulator.Build.0 = Debug|Any CPU
		{0E95FD9E-58B1-4D48-A8FA-27784886445C}.Debug|iPhoneSimulator.Deploy.0 = Debug|Any CPU
		{0E95FD9E-58B1-4D48-A8FA-27784886445C}.Debug|x64.ActiveCfg = Debug|Any CPU
		{0E95FD9E-58B1-4D48-A8FA-27784886445C}.Debug|x64.Build.0 = Debug|Any CPU
		{0E95FD9E-58B1-4D48-A8FA-27784886445C}.Debug|x64.Deploy.0 = Debug|Any CPU
		{0E95FD9E-58B1-4D48-A8FA-27784886445C}.Debug|x86.ActiveCfg = Debug|Any CPU
		{0E95FD9E-58B1-4D48-A8FA-27784886445C}.Debug|x86.Build.0 = Debug|Any CPU
		{0E95FD9E-58B1-4D48-A8FA-27784886445C}.Debug|x86.Deploy.0 = Debug|Any CPU
		{0E95FD9E-58B1-4D48-A8FA-27784886445C}.Release|Any CPU.ActiveCfg = Release|Any CPU
		{0E95FD9E-58B1-4D48-A8FA-27784886445C}.Release|Any CPU.Build.0 = Release|Any CPU
		{0E95FD9E-58B1-4D48-A8FA-27784886445C}.Release|Any CPU.Deploy.0 = Release|Any CPU
		{0E95FD9E-58B1-4D48-A8FA-27784886445C}.Release|ARM.ActiveCfg = Release|Any CPU
		{0E95FD9E-58B1-4D48-A8FA-27784886445C}.Release|ARM.Build.0 = Release|Any CPU
		{0E95FD9E-58B1-4D48-A8FA-27784886445C}.Release|ARM.Deploy.0 = Release|Any CPU
		{0E95FD9E-58B1-4D48-A8FA-27784886445C}.Release|iPhone.ActiveCfg = Release|Any CPU
		{0E95FD9E-58B1-4D48-A8FA-27784886445C}.Release|iPhone.Build.0 = Release|Any CPU
		{0E95FD9E-58B1-4D48-A8FA-27784886445C}.Release|iPhone.Deploy.0 = Release|Any CPU
		{0E95FD9E-58B1-4D48-A8FA-27784886445C}.Release|iPhoneSimulator.ActiveCfg = Release|Any CPU
		{0E95FD9E-58B1-4D48-A8FA-27784886445C}.Release|iPhoneSimulator.Build.0 = Release|Any CPU
		{0E95FD9E-58B1-4D48-A8FA-27784886445C}.Release|iPhoneSimulator.Deploy.0 = Release|Any CPU
		{0E95FD9E-58B1-4D48-A8FA-27784886445C}.Release|x64.ActiveCfg = Release|Any CPU
		{0E95FD9E-58B1-4D48-A8FA-27784886445C}.Release|x64.Build.0 = Release|Any CPU
		{0E95FD9E-58B1-4D48-A8FA-27784886445C}.Release|x64.Deploy.0 = Release|Any CPU
		{0E95FD9E-58B1-4D48-A8FA-27784886445C}.Release|x86.ActiveCfg = Release|Any CPU
		{0E95FD9E-58B1-4D48-A8FA-27784886445C}.Release|x86.Build.0 = Release|Any CPU
		{0E95FD9E-58B1-4D48-A8FA-27784886445C}.Release|x86.Deploy.0 = Release|Any CPU
		{FF5334EC-057A-48DF-B63C-7C2819005053}.Ad-Hoc|Any CPU.ActiveCfg = Ad-Hoc|iPhone
		{FF5334EC-057A-48DF-B63C-7C2819005053}.Ad-Hoc|ARM.ActiveCfg = Ad-Hoc|iPhoneSimulator
		{FF5334EC-057A-48DF-B63C-7C2819005053}.Ad-Hoc|iPhone.ActiveCfg = Ad-Hoc|iPhone
		{FF5334EC-057A-48DF-B63C-7C2819005053}.Ad-Hoc|iPhone.Build.0 = Ad-Hoc|iPhone
		{FF5334EC-057A-48DF-B63C-7C2819005053}.Ad-Hoc|iPhoneSimulator.ActiveCfg = Ad-Hoc|iPhoneSimulator
		{FF5334EC-057A-48DF-B63C-7C2819005053}.Ad-Hoc|iPhoneSimulator.Build.0 = Ad-Hoc|iPhoneSimulator
		{FF5334EC-057A-48DF-B63C-7C2819005053}.Ad-Hoc|x64.ActiveCfg = Ad-Hoc|iPhoneSimulator
		{FF5334EC-057A-48DF-B63C-7C2819005053}.Ad-Hoc|x86.ActiveCfg = Ad-Hoc|iPhoneSimulator
		{FF5334EC-057A-48DF-B63C-7C2819005053}.AppStore|Any CPU.ActiveCfg = AppStore|iPhone
		{FF5334EC-057A-48DF-B63C-7C2819005053}.AppStore|ARM.ActiveCfg = AppStore|iPhoneSimulator
		{FF5334EC-057A-48DF-B63C-7C2819005053}.AppStore|iPhone.ActiveCfg = AppStore|iPhone
		{FF5334EC-057A-48DF-B63C-7C2819005053}.AppStore|iPhone.Build.0 = AppStore|iPhone
		{FF5334EC-057A-48DF-B63C-7C2819005053}.AppStore|iPhoneSimulator.ActiveCfg = AppStore|iPhoneSimulator
		{FF5334EC-057A-48DF-B63C-7C2819005053}.AppStore|iPhoneSimulator.Build.0 = AppStore|iPhoneSimulator
		{FF5334EC-057A-48DF-B63C-7C2819005053}.AppStore|x64.ActiveCfg = AppStore|iPhoneSimulator
		{FF5334EC-057A-48DF-B63C-7C2819005053}.AppStore|x86.ActiveCfg = AppStore|iPhoneSimulator
		{FF5334EC-057A-48DF-B63C-7C2819005053}.Debug|Any CPU.ActiveCfg = Debug|iPhone
		{FF5334EC-057A-48DF-B63C-7C2819005053}.Debug|ARM.ActiveCfg = Debug|iPhoneSimulator
		{FF5334EC-057A-48DF-B63C-7C2819005053}.Debug|iPhone.ActiveCfg = Debug|iPhone
		{FF5334EC-057A-48DF-B63C-7C2819005053}.Debug|iPhone.Build.0 = Debug|iPhone
		{FF5334EC-057A-48DF-B63C-7C2819005053}.Debug|iPhoneSimulator.ActiveCfg = Debug|iPhoneSimulator
		{FF5334EC-057A-48DF-B63C-7C2819005053}.Debug|iPhoneSimulator.Build.0 = Debug|iPhoneSimulator
		{FF5334EC-057A-48DF-B63C-7C2819005053}.Debug|x64.ActiveCfg = Debug|iPhoneSimulator
		{FF5334EC-057A-48DF-B63C-7C2819005053}.Debug|x86.ActiveCfg = Debug|iPhoneSimulator
		{FF5334EC-057A-48DF-B63C-7C2819005053}.Release|Any CPU.ActiveCfg = Release|iPhone
		{FF5334EC-057A-48DF-B63C-7C2819005053}.Release|ARM.ActiveCfg = Release|iPhoneSimulator
		{FF5334EC-057A-48DF-B63C-7C2819005053}.Release|iPhone.ActiveCfg = Release|iPhone
		{FF5334EC-057A-48DF-B63C-7C2819005053}.Release|iPhone.Build.0 = Release|iPhone
		{FF5334EC-057A-48DF-B63C-7C2819005053}.Release|iPhoneSimulator.ActiveCfg = Release|iPhoneSimulator
		{FF5334EC-057A-48DF-B63C-7C2819005053}.Release|iPhoneSimulator.Build.0 = Release|iPhoneSimulator
		{FF5334EC-057A-48DF-B63C-7C2819005053}.Release|x64.ActiveCfg = Release|iPhoneSimulator
		{FF5334EC-057A-48DF-B63C-7C2819005053}.Release|x86.ActiveCfg = Release|iPhoneSimulator
		{38EE8309-BD02-4BB9-864F-126729D22181}.Ad-Hoc|Any CPU.ActiveCfg = Release|x86
		{38EE8309-BD02-4BB9-864F-126729D22181}.Ad-Hoc|Any CPU.Build.0 = Release|x86
		{38EE8309-BD02-4BB9-864F-126729D22181}.Ad-Hoc|Any CPU.Deploy.0 = Release|x86
		{38EE8309-BD02-4BB9-864F-126729D22181}.Ad-Hoc|ARM.ActiveCfg = Release|ARM
		{38EE8309-BD02-4BB9-864F-126729D22181}.Ad-Hoc|ARM.Build.0 = Release|ARM
		{38EE8309-BD02-4BB9-864F-126729D22181}.Ad-Hoc|ARM.Deploy.0 = Release|ARM
		{38EE8309-BD02-4BB9-864F-126729D22181}.Ad-Hoc|iPhone.ActiveCfg = Release|x86
		{38EE8309-BD02-4BB9-864F-126729D22181}.Ad-Hoc|iPhone.Build.0 = Release|x86
		{38EE8309-BD02-4BB9-864F-126729D22181}.Ad-Hoc|iPhone.Deploy.0 = Release|x86
		{38EE8309-BD02-4BB9-864F-126729D22181}.Ad-Hoc|iPhoneSimulator.ActiveCfg = Release|x86
		{38EE8309-BD02-4BB9-864F-126729D22181}.Ad-Hoc|iPhoneSimulator.Build.0 = Release|x86
		{38EE8309-BD02-4BB9-864F-126729D22181}.Ad-Hoc|iPhoneSimulator.Deploy.0 = Release|x86
		{38EE8309-BD02-4BB9-864F-126729D22181}.Ad-Hoc|x64.ActiveCfg = Release|x64
		{38EE8309-BD02-4BB9-864F-126729D22181}.Ad-Hoc|x64.Build.0 = Release|x64
		{38EE8309-BD02-4BB9-864F-126729D22181}.Ad-Hoc|x64.Deploy.0 = Release|x64
		{38EE8309-BD02-4BB9-864F-126729D22181}.Ad-Hoc|x86.ActiveCfg = Release|x86
		{38EE8309-BD02-4BB9-864F-126729D22181}.Ad-Hoc|x86.Build.0 = Release|x86
		{38EE8309-BD02-4BB9-864F-126729D22181}.Ad-Hoc|x86.Deploy.0 = Release|x86
		{38EE8309-BD02-4BB9-864F-126729D22181}.AppStore|Any CPU.ActiveCfg = Release|x86
		{38EE8309-BD02-4BB9-864F-126729D22181}.AppStore|Any CPU.Build.0 = Release|x86
		{38EE8309-BD02-4BB9-864F-126729D22181}.AppStore|Any CPU.Deploy.0 = Release|x86
		{38EE8309-BD02-4BB9-864F-126729D22181}.AppStore|ARM.ActiveCfg = Release|ARM
		{38EE8309-BD02-4BB9-864F-126729D22181}.AppStore|ARM.Build.0 = Release|ARM
		{38EE8309-BD02-4BB9-864F-126729D22181}.AppStore|ARM.Deploy.0 = Release|ARM
		{38EE8309-BD02-4BB9-864F-126729D22181}.AppStore|iPhone.ActiveCfg = Release|x86
		{38EE8309-BD02-4BB9-864F-126729D22181}.AppStore|iPhone.Build.0 = Release|x86
		{38EE8309-BD02-4BB9-864F-126729D22181}.AppStore|iPhone.Deploy.0 = Release|x86
		{38EE8309-BD02-4BB9-864F-126729D22181}.AppStore|iPhoneSimulator.ActiveCfg = Release|x86
		{38EE8309-BD02-4BB9-864F-126729D22181}.AppStore|iPhoneSimulator.Build.0 = Release|x86
		{38EE8309-BD02-4BB9-864F-126729D22181}.AppStore|iPhoneSimulator.Deploy.0 = Release|x86
		{38EE8309-BD02-4BB9-864F-126729D22181}.AppStore|x64.ActiveCfg = Release|x64
		{38EE8309-BD02-4BB9-864F-126729D22181}.AppStore|x64.Build.0 = Release|x64
		{38EE8309-BD02-4BB9-864F-126729D22181}.AppStore|x64.Deploy.0 = Release|x64
		{38EE8309-BD02-4BB9-864F-126729D22181}.AppStore|x86.ActiveCfg = Release|x86
		{38EE8309-BD02-4BB9-864F-126729D22181}.AppStore|x86.Build.0 = Release|x86
		{38EE8309-BD02-4BB9-864F-126729D22181}.AppStore|x86.Deploy.0 = Release|x86
		{38EE8309-BD02-4BB9-864F-126729D22181}.Debug|Any CPU.ActiveCfg = Debug|x86
		{38EE8309-BD02-4BB9-864F-126729D22181}.Debug|ARM.ActiveCfg = Debug|ARM
		{38EE8309-BD02-4BB9-864F-126729D22181}.Debug|ARM.Build.0 = Debug|ARM
		{38EE8309-BD02-4BB9-864F-126729D22181}.Debug|ARM.Deploy.0 = Debug|ARM
		{38EE8309-BD02-4BB9-864F-126729D22181}.Debug|iPhone.ActiveCfg = Debug|x86
		{38EE8309-BD02-4BB9-864F-126729D22181}.Debug|iPhoneSimulator.ActiveCfg = Debug|x86
		{38EE8309-BD02-4BB9-864F-126729D22181}.Debug|x64.ActiveCfg = Debug|x64
		{38EE8309-BD02-4BB9-864F-126729D22181}.Debug|x64.Build.0 = Debug|x64
		{38EE8309-BD02-4BB9-864F-126729D22181}.Debug|x64.Deploy.0 = Debug|x64
		{38EE8309-BD02-4BB9-864F-126729D22181}.Debug|x86.ActiveCfg = Debug|x86
		{38EE8309-BD02-4BB9-864F-126729D22181}.Debug|x86.Build.0 = Debug|x86
		{38EE8309-BD02-4BB9-864F-126729D22181}.Debug|x86.Deploy.0 = Debug|x86
		{38EE8309-BD02-4BB9-864F-126729D22181}.Release|Any CPU.ActiveCfg = Release|x86
		{38EE8309-BD02-4BB9-864F-126729D22181}.Release|ARM.ActiveCfg = Release|ARM
		{38EE8309-BD02-4BB9-864F-126729D22181}.Release|ARM.Build.0 = Release|ARM
		{38EE8309-BD02-4BB9-864F-126729D22181}.Release|ARM.Deploy.0 = Release|ARM
		{38EE8309-BD02-4BB9-864F-126729D22181}.Release|iPhone.ActiveCfg = Release|x86
		{38EE8309-BD02-4BB9-864F-126729D22181}.Release|iPhoneSimulator.ActiveCfg = Release|x86
		{38EE8309-BD02-4BB9-864F-126729D22181}.Release|x64.ActiveCfg = Release|x64
		{38EE8309-BD02-4BB9-864F-126729D22181}.Release|x64.Build.0 = Release|x64
		{38EE8309-BD02-4BB9-864F-126729D22181}.Release|x64.Deploy.0 = Release|x64
		{38EE8309-BD02-4BB9-864F-126729D22181}.Release|x86.ActiveCfg = Release|x86
		{38EE8309-BD02-4BB9-864F-126729D22181}.Release|x86.Build.0 = Release|x86
		{38EE8309-BD02-4BB9-864F-126729D22181}.Release|x86.Deploy.0 = Release|x86
	EndGlobalSection
	GlobalSection(SolutionProperties) = preSolution
		HideSolutionNode = FALSE
	EndGlobalSection
EndGlobal
