
Microsoft Visual Studio Solution File, Format Version 12.00
# Visual Studio 14
VisualStudioVersion = 14.0.24720.0
MinimumVisualStudioVersion = 10.0.40219.1
Project("{FAE04EC0-301F-11D3-BF4B-00C04F79EFBC}") = "MyFirstCloudHostedApp", "MyFirstCloudHostedApp\MyFirstCloudHostedApp.csproj", "{3381128F-AF5E-419E-A5F9-B319B78CE336}"
EndProject
Project("{FAE04EC0-301F-11D3-BF4B-00C04F79EFBC}") = "MyFirstCloudHostedAppWeb", "MyFirstCloudHostedAppWeb\MyFirstCloudHostedAppWeb.csproj", "{D255CEA4-3859-426B-948E-E43737992786}"
EndProject
Global
	GlobalSection(SolutionConfigurationPlatforms) = preSolution
		Debug|Any CPU = Debug|Any CPU
		Release|Any CPU = Release|Any CPU
	EndGlobalSection
	GlobalSection(ProjectConfigurationPlatforms) = postSolution
		{3381128F-AF5E-419E-A5F9-B319B78CE336}.Debug|Any CPU.ActiveCfg = Debug|Any CPU
		{3381128F-AF5E-419E-A5F9-B319B78CE336}.Debug|Any CPU.Build.0 = Debug|Any CPU
		{3381128F-AF5E-419E-A5F9-B319B78CE336}.Debug|Any CPU.Deploy.0 = Debug|Any CPU
		{3381128F-AF5E-419E-A5F9-B319B78CE336}.Release|Any CPU.ActiveCfg = Release|Any CPU
		{3381128F-AF5E-419E-A5F9-B319B78CE336}.Release|Any CPU.Build.0 = Release|Any CPU
		{3381128F-AF5E-419E-A5F9-B319B78CE336}.Release|Any CPU.Deploy.0 = Release|Any CPU
		{D255CEA4-3859-426B-948E-E43737992786}.Debug|Any CPU.ActiveCfg = Debug|Any CPU
		{D255CEA4-3859-426B-948E-E43737992786}.Debug|Any CPU.Build.0 = Debug|Any CPU
		{D255CEA4-3859-426B-948E-E43737992786}.Release|Any CPU.ActiveCfg = Release|Any CPU
		{D255CEA4-3859-426B-948E-E43737992786}.Release|Any CPU.Build.0 = Release|Any CPU
	EndGlobalSection
	GlobalSection(SolutionProperties) = preSolution
		HideSolutionNode = FALSE
	EndGlobalSection
	GlobalSection(TeamFoundationVersionControl) = preSolution
		SccNumberOfProjects = 3
		SccEnterpriseProvider = {4CA58AB2-18FA-4F8D-95D4-32DDF27D184C}
		SccTeamFoundationServer = https://tfs.canviz.com:39776/tfs/canviz
		SccLocalPath0 = .
		SccProjectUniqueName1 = MyFirstCloudHostedApp\\MyFirstCloudHostedApp.csproj
		SccProjectName1 = MyFirstCloudHostedApp
		SccLocalPath1 = MyFirstCloudHostedApp
		SccProjectUniqueName2 = MyFirstCloudHostedAppWeb\\MyFirstCloudHostedAppWeb.csproj
		SccProjectName2 = MyFirstCloudHostedAppWeb
		SccLocalPath2 = MyFirstCloudHostedAppWeb
	EndGlobalSection
EndGlobal
